// !$*UTF8*$!
{
	archiveVersion = 1;
	classes = {
	};
	objectVersion = 50;
	objects = {

/* Begin PBXBuildFile section */
		EC01847921A1B20100230FF7 /* UpdateUserViewModel.swift in Sources */ = {isa = PBXBuildFile; fileRef = EC01847821A1B20100230FF7 /* UpdateUserViewModel.swift */; };
		EC1770DA222C434E004247F2 /* InputViewController.swift in Sources */ = {isa = PBXBuildFile; fileRef = EC1770D9222C434E004247F2 /* InputViewController.swift */; };
		EC255331227ECFB600E193A1 /* NumberKeyboard.swift in Sources */ = {isa = PBXBuildFile; fileRef = EC255330227ECFB600E193A1 /* NumberKeyboard.swift */; };
		EC2A7EA422314F9C008AD03C /* GeneratedLocalizedStrings.swift in Sources */ = {isa = PBXBuildFile; fileRef = EC2A7EA022314F9C008AD03C /* GeneratedLocalizedStrings.swift */; };
		EC2A7EA522314F9C008AD03C /* da-DK.lproj in Resources */ = {isa = PBXBuildFile; fileRef = EC2A7EA122314F9C008AD03C /* da-DK.lproj */; };
		EC2A7EA622314F9C008AD03C /* en.lproj in Resources */ = {isa = PBXBuildFile; fileRef = EC2A7EA222314F9C008AD03C /* en.lproj */; };
		EC2A7EA722314F9C008AD03C /* Localizable.swift in Sources */ = {isa = PBXBuildFile; fileRef = EC2A7EA322314F9C008AD03C /* Localizable.swift */; };
		EC45A171216B549600E14A55 /* LeaderboardUser.swift in Sources */ = {isa = PBXBuildFile; fileRef = EC45A170216B549600E14A55 /* LeaderboardUser.swift */; };
		EC45A173216B558A00E14A55 /* Leaderboard.swift in Sources */ = {isa = PBXBuildFile; fileRef = EC45A172216B558A00E14A55 /* Leaderboard.swift */; };
		EC603FC52149357700666F22 /* AppDelegate.swift in Sources */ = {isa = PBXBuildFile; fileRef = EC603FC42149357700666F22 /* AppDelegate.swift */; };
		EC603FCC2149357800666F22 /* Assets.xcassets in Resources */ = {isa = PBXBuildFile; fileRef = EC603FCB2149357800666F22 /* Assets.xcassets */; };
		EC603FCF2149357800666F22 /* LaunchScreen.storyboard in Resources */ = {isa = PBXBuildFile; fileRef = EC603FCD2149357800666F22 /* LaunchScreen.storyboard */; };
		EC603FD8214935EC00666F22 /* Cartfile in Resources */ = {isa = PBXBuildFile; fileRef = EC603FD7214935EC00666F22 /* Cartfile */; };
		EC603FDF2149491000666F22 /* LoginViewController.swift in Sources */ = {isa = PBXBuildFile; fileRef = EC603FDE2149491000666F22 /* LoginViewController.swift */; };
		EC603FE12149492000666F22 /* LoginViewModel.swift in Sources */ = {isa = PBXBuildFile; fileRef = EC603FE02149492000666F22 /* LoginViewModel.swift */; };
		EC603FE5214949CB00666F22 /* HomeTabBarViewController.swift in Sources */ = {isa = PBXBuildFile; fileRef = EC603FE4214949CB00666F22 /* HomeTabBarViewController.swift */; };
		EC603FF021494AFE00666F22 /* LeaderboardViewController.swift in Sources */ = {isa = PBXBuildFile; fileRef = EC603FEF21494AFE00666F22 /* LeaderboardViewController.swift */; };
		EC603FF221494B0800666F22 /* LeaderboardViewModel.swift in Sources */ = {isa = PBXBuildFile; fileRef = EC603FF121494B0800666F22 /* LeaderboardViewModel.swift */; };
		EC603FF421494B1A00666F22 /* ReceiptsViewController.swift in Sources */ = {isa = PBXBuildFile; fileRef = EC603FF321494B1A00666F22 /* ReceiptsViewController.swift */; };
		EC603FF621494B2300666F22 /* ReceiptsViewModel.swift in Sources */ = {isa = PBXBuildFile; fileRef = EC603FF521494B2300666F22 /* ReceiptsViewModel.swift */; };
		EC603FF821494B2E00666F22 /* ProfileViewController.swift in Sources */ = {isa = PBXBuildFile; fileRef = EC603FF721494B2E00666F22 /* ProfileViewController.swift */; };
		EC603FFA21494B3B00666F22 /* ProfileViewModel.swift in Sources */ = {isa = PBXBuildFile; fileRef = EC603FF921494B3B00666F22 /* ProfileViewModel.swift */; };
		EC603FFC21494B5A00666F22 /* TicketsViewController.swift in Sources */ = {isa = PBXBuildFile; fileRef = EC603FFB21494B5A00666F22 /* TicketsViewController.swift */; };
		EC603FFE21494B6400666F22 /* TicketsViewModel.swift in Sources */ = {isa = PBXBuildFile; fileRef = EC603FFD21494B6400666F22 /* TicketsViewModel.swift */; };
		EC60400021494EEE00666F22 /* Color.swift in Sources */ = {isa = PBXBuildFile; fileRef = EC603FFF21494EEE00666F22 /* Color.swift */; };
		EC60400221494EF700666F22 /* Font.swift in Sources */ = {isa = PBXBuildFile; fileRef = EC60400121494EF700666F22 /* Font.swift */; };
		EC604004214951FF00666F22 /* RegisterViewController.swift in Sources */ = {isa = PBXBuildFile; fileRef = EC604003214951FF00666F22 /* RegisterViewController.swift */; };
		EC6040062149521900666F22 /* RegisterViewModel.swift in Sources */ = {isa = PBXBuildFile; fileRef = EC6040052149521900666F22 /* RegisterViewModel.swift */; };
		EC6040102149556000666F22 /* Entities.h in Headers */ = {isa = PBXBuildFile; fileRef = EC60400E2149556000666F22 /* Entities.h */; settings = {ATTRIBUTES = (Public, ); }; };
		EC6040132149556000666F22 /* Entities.framework in Frameworks */ = {isa = PBXBuildFile; fileRef = EC60400C2149556000666F22 /* Entities.framework */; };
		EC6040142149556000666F22 /* Entities.framework in Embed Frameworks */ = {isa = PBXBuildFile; fileRef = EC60400C2149556000666F22 /* Entities.framework */; settings = {ATTRIBUTES = (CodeSignOnCopy, RemoveHeadersOnCopy, ); }; };
		EC6040222149556A00666F22 /* ClipCardAPI.h in Headers */ = {isa = PBXBuildFile; fileRef = EC6040202149556A00666F22 /* ClipCardAPI.h */; settings = {ATTRIBUTES = (Public, ); }; };
		EC6040252149556A00666F22 /* ClipCardAPI.framework in Frameworks */ = {isa = PBXBuildFile; fileRef = EC60401E2149556A00666F22 /* ClipCardAPI.framework */; };
		EC6040262149556A00666F22 /* ClipCardAPI.framework in Embed Frameworks */ = {isa = PBXBuildFile; fileRef = EC60401E2149556A00666F22 /* ClipCardAPI.framework */; settings = {ATTRIBUTES = (CodeSignOnCopy, RemoveHeadersOnCopy, ); }; };
		EC6040442149559200666F22 /* Client.h in Headers */ = {isa = PBXBuildFile; fileRef = EC6040422149559200666F22 /* Client.h */; settings = {ATTRIBUTES = (Public, ); }; };
		EC6040472149559200666F22 /* Client.framework in Frameworks */ = {isa = PBXBuildFile; fileRef = EC6040402149559200666F22 /* Client.framework */; };
		EC6040482149559200666F22 /* Client.framework in Embed Frameworks */ = {isa = PBXBuildFile; fileRef = EC6040402149559200666F22 /* Client.framework */; settings = {ATTRIBUTES = (CodeSignOnCopy, RemoveHeadersOnCopy, ); }; };
		EC604055214955A200666F22 /* ShiftPlanningAPI.h in Headers */ = {isa = PBXBuildFile; fileRef = EC604053214955A200666F22 /* ShiftPlanningAPI.h */; settings = {ATTRIBUTES = (Public, ); }; };
		EC604058214955A200666F22 /* ShiftPlanningAPI.framework in Frameworks */ = {isa = PBXBuildFile; fileRef = EC604051214955A200666F22 /* ShiftPlanningAPI.framework */; };
		EC604059214955A200666F22 /* ShiftPlanningAPI.framework in Embed Frameworks */ = {isa = PBXBuildFile; fileRef = EC604051214955A200666F22 /* ShiftPlanningAPI.framework */; settings = {ATTRIBUTES = (CodeSignOnCopy, RemoveHeadersOnCopy, ); }; };
		EC6040662149561700666F22 /* Employee.swift in Sources */ = {isa = PBXBuildFile; fileRef = EC60405E2149561700666F22 /* Employee.swift */; };
		EC6040682149561700666F22 /* Product.swift in Sources */ = {isa = PBXBuildFile; fileRef = EC6040602149561700666F22 /* Product.swift */; };
		EC6040692149561700666F22 /* Employees.swift in Sources */ = {isa = PBXBuildFile; fileRef = EC6040612149561700666F22 /* Employees.swift */; };
		EC60406B2149561700666F22 /* State.swift in Sources */ = {isa = PBXBuildFile; fileRef = EC6040632149561700666F22 /* State.swift */; };
		EC60406C2149561700666F22 /* Shift.swift in Sources */ = {isa = PBXBuildFile; fileRef = EC6040642149561700666F22 /* Shift.swift */; };
		EC604072214956BF00666F22 /* Product.swift in Sources */ = {isa = PBXBuildFile; fileRef = EC604070214956BF00666F22 /* Product.swift */; };
		EC604077214956CE00666F22 /* ClipCardError.swift in Sources */ = {isa = PBXBuildFile; fileRef = EC604074214956CE00666F22 /* ClipCardError.swift */; };
		EC604082214957C600666F22 /* Shift.swift in Sources */ = {isa = PBXBuildFile; fileRef = EC60407E214957C600666F22 /* Shift.swift */; };
		EC6040892149580700666F22 /* ShiftPlanningError.swift in Sources */ = {isa = PBXBuildFile; fileRef = EC6040862149580700666F22 /* ShiftPlanningError.swift */; };
		EC60408A2149580700666F22 /* ShiftPlanningAPI.swift in Sources */ = {isa = PBXBuildFile; fileRef = EC6040872149580700666F22 /* ShiftPlanningAPI.swift */; };
		EC6040912149584D00666F22 /* ResponseNoContent.swift in Sources */ = {isa = PBXBuildFile; fileRef = EC60408C2149584C00666F22 /* ResponseNoContent.swift */; };
		EC6040922149584D00666F22 /* API.swift in Sources */ = {isa = PBXBuildFile; fileRef = EC60408D2149584C00666F22 /* API.swift */; };
		EC6040932149584D00666F22 /* Request.swift in Sources */ = {isa = PBXBuildFile; fileRef = EC60408E2149584C00666F22 /* Request.swift */; };
		EC6040942149584D00666F22 /* RequestNoContent.swift in Sources */ = {isa = PBXBuildFile; fileRef = EC60408F2149584D00666F22 /* RequestNoContent.swift */; };
		EC6040952149584D00666F22 /* Response.swift in Sources */ = {isa = PBXBuildFile; fileRef = EC6040902149584D00666F22 /* Response.swift */; };
		EC60409721495C0A00666F22 /* Client.framework in Frameworks */ = {isa = PBXBuildFile; fileRef = EC6040402149559200666F22 /* Client.framework */; };
		EC60409821495C1100666F22 /* Entities.framework in Frameworks */ = {isa = PBXBuildFile; fileRef = EC60400C2149556000666F22 /* Entities.framework */; };
		EC60409921495C5600666F22 /* Client.framework in Frameworks */ = {isa = PBXBuildFile; fileRef = EC6040402149559200666F22 /* Client.framework */; };
		EC60409A21495C5900666F22 /* Entities.framework in Frameworks */ = {isa = PBXBuildFile; fileRef = EC60400C2149556000666F22 /* Entities.framework */; };
		EC60409D214960A800666F22 /* Alamofire.framework in Frameworks */ = {isa = PBXBuildFile; fileRef = EC60409C214960A800666F22 /* Alamofire.framework */; };
		EC60409E2149677400666F22 /* Alamofire.framework in Frameworks */ = {isa = PBXBuildFile; fileRef = EC60409C214960A800666F22 /* Alamofire.framework */; };
		EC60409F214967B400666F22 /* Alamofire.framework in Frameworks */ = {isa = PBXBuildFile; fileRef = EC60409C214960A800666F22 /* Alamofire.framework */; };
		EC6394FA21B1BB2D003D9641 /* MobilePay.swift in Sources */ = {isa = PBXBuildFile; fileRef = EC6394F921B1BB2D003D9641 /* MobilePay.swift */; };
		EC6394FC21B1BBE2003D9641 /* MPOrder.swift in Sources */ = {isa = PBXBuildFile; fileRef = EC6394FB21B1BBE2003D9641 /* MPOrder.swift */; };
		EC66020E215546A3004716F7 /* Ticket.swift in Sources */ = {isa = PBXBuildFile; fileRef = EC66020D215546A3004716F7 /* Ticket.swift */; };
		EC66021521554ED7004716F7 /* ClipCardAPI.swift in Sources */ = {isa = PBXBuildFile; fileRef = EC604076214956CE00666F22 /* ClipCardAPI.swift */; };
		EC6DAAE8221DB953008D0A76 /* CoffeecardCollectionViewCell.swift in Sources */ = {isa = PBXBuildFile; fileRef = ECBD74A12157D8410097C9A6 /* CoffeecardCollectionViewCell.swift */; };
		EC6DAAE9221DB953008D0A76 /* ReceiptCollectionViewCell.swift in Sources */ = {isa = PBXBuildFile; fileRef = ECBD74A421584C270097C9A6 /* ReceiptCollectionViewCell.swift */; };
		EC6DAAEA221DB953008D0A76 /* StaticTableViewCell.swift in Sources */ = {isa = PBXBuildFile; fileRef = EC51B8D9215926B500DF5EB1 /* StaticTableViewCell.swift */; };
		EC6DAAEB221DB953008D0A76 /* PurchaseCollectionViewCell.swift in Sources */ = {isa = PBXBuildFile; fileRef = ECC91175215E4DCE0085295A /* PurchaseCollectionViewCell.swift */; };
		EC6DAAED221DB953008D0A76 /* LeaderboardCollectionViewCell.swift in Sources */ = {isa = PBXBuildFile; fileRef = EC45A16E216B531800E14A55 /* LeaderboardCollectionViewCell.swift */; };
		EC6DAAEE221DB953008D0A76 /* PasswordInput.swift in Sources */ = {isa = PBXBuildFile; fileRef = EC9F982B214BBBBD00C39F96 /* PasswordInput.swift */; };
		EC6DAAF0221DB953008D0A76 /* TitleSubtitleView.swift in Sources */ = {isa = PBXBuildFile; fileRef = EC6DAAE5221DB767008D0A76 /* TitleSubtitleView.swift */; };
		EC6DAAF2221DC362008D0A76 /* UIColor.swift in Sources */ = {isa = PBXBuildFile; fileRef = EC6DAAF1221DC362008D0A76 /* UIColor.swift */; };
		EC7259AB2246544F00C670E7 /* CoffeecardButtonView.swift in Sources */ = {isa = PBXBuildFile; fileRef = EC7259AA2246544F00C670E7 /* CoffeecardButtonView.swift */; };
		EC77532022429E9300B7F83C /* Message.swift in Sources */ = {isa = PBXBuildFile; fileRef = EC77531F22429E9300B7F83C /* Message.swift */; };
		EC841C5A2270B53A001307F7 /* Coffeecard.swift in Sources */ = {isa = PBXBuildFile; fileRef = EC841C592270B53A001307F7 /* Coffeecard.swift */; };
		EC841C5C2270B6AE001307F7 /* Coffeecard.swift in Sources */ = {isa = PBXBuildFile; fileRef = EC841C5B2270B6AE001307F7 /* Coffeecard.swift */; };
		EC8C8F9222817564002533A6 /* UserDefaultsKey.swift in Sources */ = {isa = PBXBuildFile; fileRef = EC8C8F9122817564002533A6 /* UserDefaultsKey.swift */; };
		EC97260022733AAE00E3EF37 /* SwipeButton.swift in Sources */ = {isa = PBXBuildFile; fileRef = EC9725FF22733AAE00E3EF37 /* SwipeButton.swift */; };
		EC97260C2275A12B00E3EF37 /* ReceiptPopover.swift in Sources */ = {isa = PBXBuildFile; fileRef = EC97260B2275A12B00E3EF37 /* ReceiptPopover.swift */; };
		EC97260E2275A5A400E3EF37 /* FadeAnimationController.swift in Sources */ = {isa = PBXBuildFile; fileRef = EC97260D2275A5A400E3EF37 /* FadeAnimationController.swift */; };
		EC9726102275C6F200E3EF37 /* DateFormat.swift in Sources */ = {isa = PBXBuildFile; fileRef = EC97260F2275C6F200E3EF37 /* DateFormat.swift */; };
		EC9726122275E8B700E3EF37 /* RankView.swift in Sources */ = {isa = PBXBuildFile; fileRef = EC9726112275E8B700E3EF37 /* RankView.swift */; };
		EC9F982A214B8BC300C39F96 /* APIError.swift in Sources */ = {isa = PBXBuildFile; fileRef = EC9F9829214B8BC300C39F96 /* APIError.swift */; };
		EC9F982E214BCA2700C39F96 /* Cafe.swift in Sources */ = {isa = PBXBuildFile; fileRef = EC9F982D214BCA2700C39F96 /* Cafe.swift */; };
		EC9F9830214BCB1500C39F96 /* Cafe.swift in Sources */ = {isa = PBXBuildFile; fileRef = EC9F982F214BCB1500C39F96 /* Cafe.swift */; };
		EC9F9837214E3D2200C39F96 /* String.swift in Sources */ = {isa = PBXBuildFile; fileRef = EC9F9836214E3D2200C39F96 /* String.swift */; };
		EC9F983A214E402B00C39F96 /* KeyChainService.swift in Sources */ = {isa = PBXBuildFile; fileRef = EC9F9839214E402B00C39F96 /* KeyChainService.swift */; };
		EC9F983C214E4C5700C39F96 /* User.swift in Sources */ = {isa = PBXBuildFile; fileRef = EC9F983B214E4C5700C39F96 /* User.swift */; };
		EC9F983E214E4D1D00C39F96 /* User.swift in Sources */ = {isa = PBXBuildFile; fileRef = EC9F983D214E4D1D00C39F96 /* User.swift */; };
		EC9F9840214E680E00C39F96 /* Programme.swift in Sources */ = {isa = PBXBuildFile; fileRef = EC9F983F214E680E00C39F96 /* Programme.swift */; };
		EC9F9842214E684400C39F96 /* Programme.swift in Sources */ = {isa = PBXBuildFile; fileRef = EC9F9841214E684400C39F96 /* Programme.swift */; };
		EC9F9844214E7CA900C39F96 /* ValueMessage.swift in Sources */ = {isa = PBXBuildFile; fileRef = EC9F9843214E7CA900C39F96 /* ValueMessage.swift */; };
		EC9F9847214EA49000C39F96 /* UIView.swift in Sources */ = {isa = PBXBuildFile; fileRef = EC9F9846214EA49000C39F96 /* UIView.swift */; };
		ECBD74A32157DE4A0097C9A6 /* ActivityIndication.swift in Sources */ = {isa = PBXBuildFile; fileRef = EC660216215550E9004716F7 /* ActivityIndication.swift */; };
		ECBE0D8E21679127001725D6 /* Token.swift in Sources */ = {isa = PBXBuildFile; fileRef = ECBE0D8D21679127001725D6 /* Token.swift */; };
		ECBE0DE42167CF11001725D6 /* MobilePayAPI.h in Headers */ = {isa = PBXBuildFile; fileRef = ECBE0DE22167CF11001725D6 /* MobilePayAPI.h */; settings = {ATTRIBUTES = (Public, ); }; };
		ECBE0DE72167CF11001725D6 /* MobilePayAPI.framework in Frameworks */ = {isa = PBXBuildFile; fileRef = ECBE0DE02167CF11001725D6 /* MobilePayAPI.framework */; };
		ECBE0DE82167CF11001725D6 /* MobilePayAPI.framework in Embed Frameworks */ = {isa = PBXBuildFile; fileRef = ECBE0DE02167CF11001725D6 /* MobilePayAPI.framework */; settings = {ATTRIBUTES = (CodeSignOnCopy, RemoveHeadersOnCopy, ); }; };
		ECBE0DED2167CF31001725D6 /* MobilePayCancelledPayment.h in Headers */ = {isa = PBXBuildFile; fileRef = ECBE0DCF2167CD21001725D6 /* MobilePayCancelledPayment.h */; settings = {ATTRIBUTES = (Public, ); }; };
		ECBE0DEE2167CF31001725D6 /* MobilePayManager.h in Headers */ = {isa = PBXBuildFile; fileRef = ECBE0DCE2167CD20001725D6 /* MobilePayManager.h */; settings = {ATTRIBUTES = (Public, ); }; };
		ECBE0DEF2167CF31001725D6 /* MobilePayPayment.h in Headers */ = {isa = PBXBuildFile; fileRef = ECBE0DD02167CD21001725D6 /* MobilePayPayment.h */; settings = {ATTRIBUTES = (Public, ); }; };
		ECBE0DF02167CF31001725D6 /* MobilePaySuccessfulPayment.h in Headers */ = {isa = PBXBuildFile; fileRef = ECBE0DD12167CD21001725D6 /* MobilePaySuccessfulPayment.h */; settings = {ATTRIBUTES = (Public, ); }; };
		ECBE0DF12167CF36001725D6 /* libMobilePayManager1.8.1.a in Frameworks */ = {isa = PBXBuildFile; fileRef = ECBE0DCD2167CD20001725D6 /* libMobilePayManager1.8.1.a */; };
		ECBE0DF22167CF9F001725D6 /* libMobilePayManager1.8.1.a in Frameworks */ = {isa = PBXBuildFile; fileRef = ECBE0DCD2167CD20001725D6 /* libMobilePayManager1.8.1.a */; };
		ECC5CA59214FAD940082E2E9 /* Ticket.swift in Sources */ = {isa = PBXBuildFile; fileRef = ECC5CA58214FAD940082E2E9 /* Ticket.swift */; };
		ECC5CA5B214FB25B0082E2E9 /* UIViewController.swift in Sources */ = {isa = PBXBuildFile; fileRef = ECC5CA5A214FB25B0082E2E9 /* UIViewController.swift */; };
		ECC91169215E4B4F0085295A /* README.md in Resources */ = {isa = PBXBuildFile; fileRef = ECC91168215E4B4F0085295A /* README.md */; };
		ECC91174215E4DA70085295A /* Purchase.swift in Sources */ = {isa = PBXBuildFile; fileRef = ECC91173215E4DA70085295A /* Purchase.swift */; };
		ECC91178215E4F1F0085295A /* Purchase.swift in Sources */ = {isa = PBXBuildFile; fileRef = ECC91177215E4F1F0085295A /* Purchase.swift */; };
		ECC91186215E5ADB0085295A /* VoucherViewController.swift in Sources */ = {isa = PBXBuildFile; fileRef = ECC91185215E5ADB0085295A /* VoucherViewController.swift */; };
		ECC91188215E5AE50085295A /* VoucherViewModel.swift in Sources */ = {isa = PBXBuildFile; fileRef = ECC91187215E5AE50085295A /* VoucherViewModel.swift */; };
		ECC911922160309C0085295A /* UpdateUserViewController.swift in Sources */ = {isa = PBXBuildFile; fileRef = ECC911912160309C0085295A /* UpdateUserViewController.swift */; };
/* End PBXBuildFile section */

/* Begin PBXContainerItemProxy section */
		EC6040112149556000666F22 /* PBXContainerItemProxy */ = {
			isa = PBXContainerItemProxy;
			containerPortal = EC603FB92149357700666F22 /* Project object */;
			proxyType = 1;
			remoteGlobalIDString = EC60400B2149556000666F22;
			remoteInfo = Entities;
		};
		EC6040232149556A00666F22 /* PBXContainerItemProxy */ = {
			isa = PBXContainerItemProxy;
			containerPortal = EC603FB92149357700666F22 /* Project object */;
			proxyType = 1;
			remoteGlobalIDString = EC60401D2149556A00666F22;
			remoteInfo = ClipCardAPI;
		};
		EC6040452149559200666F22 /* PBXContainerItemProxy */ = {
			isa = PBXContainerItemProxy;
			containerPortal = EC603FB92149357700666F22 /* Project object */;
			proxyType = 1;
			remoteGlobalIDString = EC60403F2149559200666F22;
			remoteInfo = Client;
		};
		EC604056214955A200666F22 /* PBXContainerItemProxy */ = {
			isa = PBXContainerItemProxy;
			containerPortal = EC603FB92149357700666F22 /* Project object */;
			proxyType = 1;
			remoteGlobalIDString = EC604050214955A200666F22;
			remoteInfo = ShiftPlanningAPI;
		};
		ECBE0DE52167CF11001725D6 /* PBXContainerItemProxy */ = {
			isa = PBXContainerItemProxy;
			containerPortal = EC603FB92149357700666F22 /* Project object */;
			proxyType = 1;
			remoteGlobalIDString = ECBE0DDF2167CF11001725D6;
			remoteInfo = MobilePayAPI;
		};
/* End PBXContainerItemProxy section */

/* Begin PBXCopyFilesBuildPhase section */
		EC6040182149556000666F22 /* Embed Frameworks */ = {
			isa = PBXCopyFilesBuildPhase;
			buildActionMask = 2147483647;
			dstPath = "";
			dstSubfolderSpec = 10;
			files = (
				EC6040142149556000666F22 /* Entities.framework in Embed Frameworks */,
				EC6040262149556A00666F22 /* ClipCardAPI.framework in Embed Frameworks */,
				ECBE0DE82167CF11001725D6 /* MobilePayAPI.framework in Embed Frameworks */,
				EC604059214955A200666F22 /* ShiftPlanningAPI.framework in Embed Frameworks */,
				EC6040482149559200666F22 /* Client.framework in Embed Frameworks */,
			);
			name = "Embed Frameworks";
			runOnlyForDeploymentPostprocessing = 0;
		};
/* End PBXCopyFilesBuildPhase section */

/* Begin PBXFileReference section */
		EC01847821A1B20100230FF7 /* UpdateUserViewModel.swift */ = {isa = PBXFileReference; lastKnownFileType = sourcecode.swift; path = UpdateUserViewModel.swift; sourceTree = "<group>"; };
		EC1770D9222C434E004247F2 /* InputViewController.swift */ = {isa = PBXFileReference; lastKnownFileType = sourcecode.swift; path = InputViewController.swift; sourceTree = "<group>"; };
		EC255330227ECFB600E193A1 /* NumberKeyboard.swift */ = {isa = PBXFileReference; lastKnownFileType = sourcecode.swift; path = NumberKeyboard.swift; sourceTree = "<group>"; };
		EC2A7EA022314F9C008AD03C /* GeneratedLocalizedStrings.swift */ = {isa = PBXFileReference; fileEncoding = 4; lastKnownFileType = sourcecode.swift; path = GeneratedLocalizedStrings.swift; sourceTree = "<group>"; };
		EC2A7EA122314F9C008AD03C /* da-DK.lproj */ = {isa = PBXFileReference; lastKnownFileType = folder; path = "da-DK.lproj"; sourceTree = "<group>"; };
		EC2A7EA222314F9C008AD03C /* en.lproj */ = {isa = PBXFileReference; lastKnownFileType = folder; path = en.lproj; sourceTree = "<group>"; };
		EC2A7EA322314F9C008AD03C /* Localizable.swift */ = {isa = PBXFileReference; fileEncoding = 4; lastKnownFileType = sourcecode.swift; path = Localizable.swift; sourceTree = "<group>"; };
		EC45A16E216B531800E14A55 /* LeaderboardCollectionViewCell.swift */ = {isa = PBXFileReference; lastKnownFileType = sourcecode.swift; path = LeaderboardCollectionViewCell.swift; sourceTree = "<group>"; };
		EC45A170216B549600E14A55 /* LeaderboardUser.swift */ = {isa = PBXFileReference; lastKnownFileType = sourcecode.swift; path = LeaderboardUser.swift; sourceTree = "<group>"; };
		EC45A172216B558A00E14A55 /* Leaderboard.swift */ = {isa = PBXFileReference; lastKnownFileType = sourcecode.swift; path = Leaderboard.swift; sourceTree = "<group>"; };
		EC51B8D9215926B500DF5EB1 /* StaticTableViewCell.swift */ = {isa = PBXFileReference; lastKnownFileType = sourcecode.swift; path = StaticTableViewCell.swift; sourceTree = "<group>"; };
		EC603FC12149357700666F22 /* Analog.app */ = {isa = PBXFileReference; explicitFileType = wrapper.application; includeInIndex = 0; path = Analog.app; sourceTree = BUILT_PRODUCTS_DIR; };
		EC603FC42149357700666F22 /* AppDelegate.swift */ = {isa = PBXFileReference; lastKnownFileType = sourcecode.swift; path = AppDelegate.swift; sourceTree = "<group>"; };
		EC603FCB2149357800666F22 /* Assets.xcassets */ = {isa = PBXFileReference; lastKnownFileType = folder.assetcatalog; path = Assets.xcassets; sourceTree = "<group>"; };
		EC603FCE2149357800666F22 /* Base */ = {isa = PBXFileReference; lastKnownFileType = file.storyboard; name = Base; path = Base.lproj/LaunchScreen.storyboard; sourceTree = "<group>"; };
		EC603FD02149357800666F22 /* Info.plist */ = {isa = PBXFileReference; lastKnownFileType = text.plist.xml; path = Info.plist; sourceTree = "<group>"; };
		EC603FD7214935EC00666F22 /* Cartfile */ = {isa = PBXFileReference; lastKnownFileType = text; path = Cartfile; sourceTree = "<group>"; };
		EC603FDE2149491000666F22 /* LoginViewController.swift */ = {isa = PBXFileReference; lastKnownFileType = sourcecode.swift; path = LoginViewController.swift; sourceTree = "<group>"; };
		EC603FE02149492000666F22 /* LoginViewModel.swift */ = {isa = PBXFileReference; lastKnownFileType = sourcecode.swift; path = LoginViewModel.swift; sourceTree = "<group>"; };
		EC603FE4214949CB00666F22 /* HomeTabBarViewController.swift */ = {isa = PBXFileReference; lastKnownFileType = sourcecode.swift; path = HomeTabBarViewController.swift; sourceTree = "<group>"; };
		EC603FEF21494AFE00666F22 /* LeaderboardViewController.swift */ = {isa = PBXFileReference; lastKnownFileType = sourcecode.swift; path = LeaderboardViewController.swift; sourceTree = "<group>"; };
		EC603FF121494B0800666F22 /* LeaderboardViewModel.swift */ = {isa = PBXFileReference; lastKnownFileType = sourcecode.swift; path = LeaderboardViewModel.swift; sourceTree = "<group>"; };
		EC603FF321494B1A00666F22 /* ReceiptsViewController.swift */ = {isa = PBXFileReference; lastKnownFileType = sourcecode.swift; path = ReceiptsViewController.swift; sourceTree = "<group>"; };
		EC603FF521494B2300666F22 /* ReceiptsViewModel.swift */ = {isa = PBXFileReference; lastKnownFileType = sourcecode.swift; path = ReceiptsViewModel.swift; sourceTree = "<group>"; };
		EC603FF721494B2E00666F22 /* ProfileViewController.swift */ = {isa = PBXFileReference; lastKnownFileType = sourcecode.swift; path = ProfileViewController.swift; sourceTree = "<group>"; };
		EC603FF921494B3B00666F22 /* ProfileViewModel.swift */ = {isa = PBXFileReference; lastKnownFileType = sourcecode.swift; path = ProfileViewModel.swift; sourceTree = "<group>"; };
		EC603FFB21494B5A00666F22 /* TicketsViewController.swift */ = {isa = PBXFileReference; lastKnownFileType = sourcecode.swift; path = TicketsViewController.swift; sourceTree = "<group>"; };
		EC603FFD21494B6400666F22 /* TicketsViewModel.swift */ = {isa = PBXFileReference; lastKnownFileType = sourcecode.swift; path = TicketsViewModel.swift; sourceTree = "<group>"; };
		EC603FFF21494EEE00666F22 /* Color.swift */ = {isa = PBXFileReference; lastKnownFileType = sourcecode.swift; path = Color.swift; sourceTree = "<group>"; };
		EC60400121494EF700666F22 /* Font.swift */ = {isa = PBXFileReference; lastKnownFileType = sourcecode.swift; path = Font.swift; sourceTree = "<group>"; };
		EC604003214951FF00666F22 /* RegisterViewController.swift */ = {isa = PBXFileReference; lastKnownFileType = sourcecode.swift; path = RegisterViewController.swift; sourceTree = "<group>"; };
		EC6040052149521900666F22 /* RegisterViewModel.swift */ = {isa = PBXFileReference; lastKnownFileType = sourcecode.swift; path = RegisterViewModel.swift; sourceTree = "<group>"; };
		EC60400C2149556000666F22 /* Entities.framework */ = {isa = PBXFileReference; explicitFileType = wrapper.framework; includeInIndex = 0; path = Entities.framework; sourceTree = BUILT_PRODUCTS_DIR; };
		EC60400E2149556000666F22 /* Entities.h */ = {isa = PBXFileReference; lastKnownFileType = sourcecode.c.h; path = Entities.h; sourceTree = "<group>"; };
		EC60400F2149556000666F22 /* Info.plist */ = {isa = PBXFileReference; lastKnownFileType = text.plist.xml; path = Info.plist; sourceTree = "<group>"; };
		EC60401E2149556A00666F22 /* ClipCardAPI.framework */ = {isa = PBXFileReference; explicitFileType = wrapper.framework; includeInIndex = 0; path = ClipCardAPI.framework; sourceTree = BUILT_PRODUCTS_DIR; };
		EC6040202149556A00666F22 /* ClipCardAPI.h */ = {isa = PBXFileReference; lastKnownFileType = sourcecode.c.h; path = ClipCardAPI.h; sourceTree = "<group>"; };
		EC6040212149556A00666F22 /* Info.plist */ = {isa = PBXFileReference; lastKnownFileType = text.plist.xml; path = Info.plist; sourceTree = "<group>"; };
		EC6040402149559200666F22 /* Client.framework */ = {isa = PBXFileReference; explicitFileType = wrapper.framework; includeInIndex = 0; path = Client.framework; sourceTree = BUILT_PRODUCTS_DIR; };
		EC6040422149559200666F22 /* Client.h */ = {isa = PBXFileReference; lastKnownFileType = sourcecode.c.h; path = Client.h; sourceTree = "<group>"; };
		EC6040432149559200666F22 /* Info.plist */ = {isa = PBXFileReference; lastKnownFileType = text.plist.xml; path = Info.plist; sourceTree = "<group>"; };
		EC604051214955A200666F22 /* ShiftPlanningAPI.framework */ = {isa = PBXFileReference; explicitFileType = wrapper.framework; includeInIndex = 0; path = ShiftPlanningAPI.framework; sourceTree = BUILT_PRODUCTS_DIR; };
		EC604053214955A200666F22 /* ShiftPlanningAPI.h */ = {isa = PBXFileReference; lastKnownFileType = sourcecode.c.h; path = ShiftPlanningAPI.h; sourceTree = "<group>"; };
		EC604054214955A200666F22 /* Info.plist */ = {isa = PBXFileReference; lastKnownFileType = text.plist.xml; path = Info.plist; sourceTree = "<group>"; };
		EC60405E2149561700666F22 /* Employee.swift */ = {isa = PBXFileReference; fileEncoding = 4; lastKnownFileType = sourcecode.swift; path = Employee.swift; sourceTree = "<group>"; };
		EC6040602149561700666F22 /* Product.swift */ = {isa = PBXFileReference; fileEncoding = 4; lastKnownFileType = sourcecode.swift; path = Product.swift; sourceTree = "<group>"; };
		EC6040612149561700666F22 /* Employees.swift */ = {isa = PBXFileReference; fileEncoding = 4; lastKnownFileType = sourcecode.swift; path = Employees.swift; sourceTree = "<group>"; };
		EC6040632149561700666F22 /* State.swift */ = {isa = PBXFileReference; fileEncoding = 4; lastKnownFileType = sourcecode.swift; path = State.swift; sourceTree = "<group>"; };
		EC6040642149561700666F22 /* Shift.swift */ = {isa = PBXFileReference; fileEncoding = 4; lastKnownFileType = sourcecode.swift; path = Shift.swift; sourceTree = "<group>"; };
		EC604070214956BF00666F22 /* Product.swift */ = {isa = PBXFileReference; fileEncoding = 4; lastKnownFileType = sourcecode.swift; path = Product.swift; sourceTree = "<group>"; };
		EC604074214956CE00666F22 /* ClipCardError.swift */ = {isa = PBXFileReference; fileEncoding = 4; lastKnownFileType = sourcecode.swift; path = ClipCardError.swift; sourceTree = "<group>"; };
		EC604076214956CE00666F22 /* ClipCardAPI.swift */ = {isa = PBXFileReference; fileEncoding = 4; lastKnownFileType = sourcecode.swift; path = ClipCardAPI.swift; sourceTree = "<group>"; };
		EC60407E214957C600666F22 /* Shift.swift */ = {isa = PBXFileReference; fileEncoding = 4; lastKnownFileType = sourcecode.swift; path = Shift.swift; sourceTree = "<group>"; };
		EC6040862149580700666F22 /* ShiftPlanningError.swift */ = {isa = PBXFileReference; fileEncoding = 4; lastKnownFileType = sourcecode.swift; path = ShiftPlanningError.swift; sourceTree = "<group>"; };
		EC6040872149580700666F22 /* ShiftPlanningAPI.swift */ = {isa = PBXFileReference; fileEncoding = 4; lastKnownFileType = sourcecode.swift; path = ShiftPlanningAPI.swift; sourceTree = "<group>"; };
		EC60408C2149584C00666F22 /* ResponseNoContent.swift */ = {isa = PBXFileReference; fileEncoding = 4; lastKnownFileType = sourcecode.swift; path = ResponseNoContent.swift; sourceTree = "<group>"; };
		EC60408D2149584C00666F22 /* API.swift */ = {isa = PBXFileReference; fileEncoding = 4; lastKnownFileType = sourcecode.swift; path = API.swift; sourceTree = "<group>"; };
		EC60408E2149584C00666F22 /* Request.swift */ = {isa = PBXFileReference; fileEncoding = 4; lastKnownFileType = sourcecode.swift; path = Request.swift; sourceTree = "<group>"; };
		EC60408F2149584D00666F22 /* RequestNoContent.swift */ = {isa = PBXFileReference; fileEncoding = 4; lastKnownFileType = sourcecode.swift; path = RequestNoContent.swift; sourceTree = "<group>"; };
		EC6040902149584D00666F22 /* Response.swift */ = {isa = PBXFileReference; fileEncoding = 4; lastKnownFileType = sourcecode.swift; path = Response.swift; sourceTree = "<group>"; };
		EC60409C214960A800666F22 /* Alamofire.framework */ = {isa = PBXFileReference; lastKnownFileType = wrapper.framework; name = Alamofire.framework; path = Carthage/Build/iOS/Alamofire.framework; sourceTree = "<group>"; };
		EC6394F921B1BB2D003D9641 /* MobilePay.swift */ = {isa = PBXFileReference; lastKnownFileType = sourcecode.swift; path = MobilePay.swift; sourceTree = "<group>"; };
		EC6394FB21B1BBE2003D9641 /* MPOrder.swift */ = {isa = PBXFileReference; lastKnownFileType = sourcecode.swift; path = MPOrder.swift; sourceTree = "<group>"; };
		EC66020D215546A3004716F7 /* Ticket.swift */ = {isa = PBXFileReference; lastKnownFileType = sourcecode.swift; path = Ticket.swift; sourceTree = "<group>"; };
		EC660216215550E9004716F7 /* ActivityIndication.swift */ = {isa = PBXFileReference; fileEncoding = 4; lastKnownFileType = sourcecode.swift; path = ActivityIndication.swift; sourceTree = "<group>"; };
		EC6DAAE5221DB767008D0A76 /* TitleSubtitleView.swift */ = {isa = PBXFileReference; lastKnownFileType = sourcecode.swift; path = TitleSubtitleView.swift; sourceTree = "<group>"; };
		EC6DAAF1221DC362008D0A76 /* UIColor.swift */ = {isa = PBXFileReference; lastKnownFileType = sourcecode.swift; path = UIColor.swift; sourceTree = "<group>"; };
		EC7259AA2246544F00C670E7 /* CoffeecardButtonView.swift */ = {isa = PBXFileReference; lastKnownFileType = sourcecode.swift; path = CoffeecardButtonView.swift; sourceTree = "<group>"; };
		EC77531F22429E9300B7F83C /* Message.swift */ = {isa = PBXFileReference; lastKnownFileType = sourcecode.swift; path = Message.swift; sourceTree = "<group>"; };
		EC841C592270B53A001307F7 /* Coffeecard.swift */ = {isa = PBXFileReference; lastKnownFileType = sourcecode.swift; path = Coffeecard.swift; sourceTree = "<group>"; };
		EC841C5B2270B6AE001307F7 /* Coffeecard.swift */ = {isa = PBXFileReference; lastKnownFileType = sourcecode.swift; path = Coffeecard.swift; sourceTree = "<group>"; };
		EC8C8F9122817564002533A6 /* UserDefaultsKey.swift */ = {isa = PBXFileReference; lastKnownFileType = sourcecode.swift; path = UserDefaultsKey.swift; sourceTree = "<group>"; };
		EC9725FF22733AAE00E3EF37 /* SwipeButton.swift */ = {isa = PBXFileReference; lastKnownFileType = sourcecode.swift; path = SwipeButton.swift; sourceTree = "<group>"; };
		EC97260B2275A12B00E3EF37 /* ReceiptPopover.swift */ = {isa = PBXFileReference; lastKnownFileType = sourcecode.swift; path = ReceiptPopover.swift; sourceTree = "<group>"; };
		EC97260D2275A5A400E3EF37 /* FadeAnimationController.swift */ = {isa = PBXFileReference; lastKnownFileType = sourcecode.swift; path = FadeAnimationController.swift; sourceTree = "<group>"; };
		EC97260F2275C6F200E3EF37 /* DateFormat.swift */ = {isa = PBXFileReference; lastKnownFileType = sourcecode.swift; path = DateFormat.swift; sourceTree = "<group>"; };
		EC9726112275E8B700E3EF37 /* RankView.swift */ = {isa = PBXFileReference; lastKnownFileType = sourcecode.swift; path = RankView.swift; sourceTree = "<group>"; };
		EC9F9829214B8BC300C39F96 /* APIError.swift */ = {isa = PBXFileReference; lastKnownFileType = sourcecode.swift; path = APIError.swift; sourceTree = "<group>"; };
		EC9F982B214BBBBD00C39F96 /* PasswordInput.swift */ = {isa = PBXFileReference; lastKnownFileType = sourcecode.swift; path = PasswordInput.swift; sourceTree = "<group>"; };
		EC9F982D214BCA2700C39F96 /* Cafe.swift */ = {isa = PBXFileReference; lastKnownFileType = sourcecode.swift; path = Cafe.swift; sourceTree = "<group>"; };
		EC9F982F214BCB1500C39F96 /* Cafe.swift */ = {isa = PBXFileReference; lastKnownFileType = sourcecode.swift; path = Cafe.swift; sourceTree = "<group>"; };
		EC9F9836214E3D2200C39F96 /* String.swift */ = {isa = PBXFileReference; lastKnownFileType = sourcecode.swift; path = String.swift; sourceTree = "<group>"; };
		EC9F9838214E3D9800C39F96 /* Analog-Bridging-Header.h */ = {isa = PBXFileReference; lastKnownFileType = sourcecode.c.h; path = "Analog-Bridging-Header.h"; sourceTree = "<group>"; };
		EC9F9839214E402B00C39F96 /* KeyChainService.swift */ = {isa = PBXFileReference; lastKnownFileType = sourcecode.swift; path = KeyChainService.swift; sourceTree = "<group>"; };
		EC9F983B214E4C5700C39F96 /* User.swift */ = {isa = PBXFileReference; lastKnownFileType = sourcecode.swift; path = User.swift; sourceTree = "<group>"; };
		EC9F983D214E4D1D00C39F96 /* User.swift */ = {isa = PBXFileReference; lastKnownFileType = sourcecode.swift; path = User.swift; sourceTree = "<group>"; };
		EC9F983F214E680E00C39F96 /* Programme.swift */ = {isa = PBXFileReference; lastKnownFileType = sourcecode.swift; path = Programme.swift; sourceTree = "<group>"; };
		EC9F9841214E684400C39F96 /* Programme.swift */ = {isa = PBXFileReference; lastKnownFileType = sourcecode.swift; path = Programme.swift; sourceTree = "<group>"; };
		EC9F9843214E7CA900C39F96 /* ValueMessage.swift */ = {isa = PBXFileReference; lastKnownFileType = sourcecode.swift; path = ValueMessage.swift; sourceTree = "<group>"; };
		EC9F9846214EA49000C39F96 /* UIView.swift */ = {isa = PBXFileReference; lastKnownFileType = sourcecode.swift; path = UIView.swift; sourceTree = "<group>"; };
		ECBD74A12157D8410097C9A6 /* CoffeecardCollectionViewCell.swift */ = {isa = PBXFileReference; fileEncoding = 4; lastKnownFileType = sourcecode.swift; path = CoffeecardCollectionViewCell.swift; sourceTree = "<group>"; };
		ECBD74A421584C270097C9A6 /* ReceiptCollectionViewCell.swift */ = {isa = PBXFileReference; lastKnownFileType = sourcecode.swift; path = ReceiptCollectionViewCell.swift; sourceTree = "<group>"; };
		ECBE0D8D21679127001725D6 /* Token.swift */ = {isa = PBXFileReference; lastKnownFileType = sourcecode.swift; path = Token.swift; sourceTree = "<group>"; };
		ECBE0DCD2167CD20001725D6 /* libMobilePayManager1.8.1.a */ = {isa = PBXFileReference; lastKnownFileType = archive.ar; path = libMobilePayManager1.8.1.a; sourceTree = "<group>"; };
		ECBE0DCE2167CD20001725D6 /* MobilePayManager.h */ = {isa = PBXFileReference; fileEncoding = 4; lastKnownFileType = sourcecode.c.h; path = MobilePayManager.h; sourceTree = "<group>"; };
		ECBE0DCF2167CD21001725D6 /* MobilePayCancelledPayment.h */ = {isa = PBXFileReference; fileEncoding = 4; lastKnownFileType = sourcecode.c.h; path = MobilePayCancelledPayment.h; sourceTree = "<group>"; };
		ECBE0DD02167CD21001725D6 /* MobilePayPayment.h */ = {isa = PBXFileReference; fileEncoding = 4; lastKnownFileType = sourcecode.c.h; path = MobilePayPayment.h; sourceTree = "<group>"; };
		ECBE0DD12167CD21001725D6 /* MobilePaySuccessfulPayment.h */ = {isa = PBXFileReference; fileEncoding = 4; lastKnownFileType = sourcecode.c.h; path = MobilePaySuccessfulPayment.h; sourceTree = "<group>"; };
		ECBE0DE02167CF11001725D6 /* MobilePayAPI.framework */ = {isa = PBXFileReference; explicitFileType = wrapper.framework; includeInIndex = 0; path = MobilePayAPI.framework; sourceTree = BUILT_PRODUCTS_DIR; };
		ECBE0DE22167CF11001725D6 /* MobilePayAPI.h */ = {isa = PBXFileReference; lastKnownFileType = sourcecode.c.h; path = MobilePayAPI.h; sourceTree = "<group>"; };
		ECBE0DE32167CF11001725D6 /* Info.plist */ = {isa = PBXFileReference; lastKnownFileType = text.plist.xml; path = Info.plist; sourceTree = "<group>"; };
		ECC5CA58214FAD940082E2E9 /* Ticket.swift */ = {isa = PBXFileReference; lastKnownFileType = sourcecode.swift; path = Ticket.swift; sourceTree = "<group>"; };
		ECC5CA5A214FB25B0082E2E9 /* UIViewController.swift */ = {isa = PBXFileReference; lastKnownFileType = sourcecode.swift; path = UIViewController.swift; sourceTree = "<group>"; };
		ECC91168215E4B4F0085295A /* README.md */ = {isa = PBXFileReference; fileEncoding = 4; lastKnownFileType = net.daringfireball.markdown; path = README.md; sourceTree = "<group>"; };
		ECC91173215E4DA70085295A /* Purchase.swift */ = {isa = PBXFileReference; lastKnownFileType = sourcecode.swift; path = Purchase.swift; sourceTree = "<group>"; };
		ECC91175215E4DCE0085295A /* PurchaseCollectionViewCell.swift */ = {isa = PBXFileReference; lastKnownFileType = sourcecode.swift; path = PurchaseCollectionViewCell.swift; sourceTree = "<group>"; };
		ECC91177215E4F1F0085295A /* Purchase.swift */ = {isa = PBXFileReference; lastKnownFileType = sourcecode.swift; path = Purchase.swift; sourceTree = "<group>"; };
		ECC91185215E5ADB0085295A /* VoucherViewController.swift */ = {isa = PBXFileReference; lastKnownFileType = sourcecode.swift; path = VoucherViewController.swift; sourceTree = "<group>"; };
		ECC91187215E5AE50085295A /* VoucherViewModel.swift */ = {isa = PBXFileReference; lastKnownFileType = sourcecode.swift; path = VoucherViewModel.swift; sourceTree = "<group>"; };
		ECC911912160309C0085295A /* UpdateUserViewController.swift */ = {isa = PBXFileReference; lastKnownFileType = sourcecode.swift; path = UpdateUserViewController.swift; sourceTree = "<group>"; };
/* End PBXFileReference section */

/* Begin PBXFrameworksBuildPhase section */
		EC603FBE2149357700666F22 /* Frameworks */ = {
			isa = PBXFrameworksBuildPhase;
			buildActionMask = 2147483647;
			files = (
				EC6040132149556000666F22 /* Entities.framework in Frameworks */,
				EC6040252149556A00666F22 /* ClipCardAPI.framework in Frameworks */,
				ECBE0DE72167CF11001725D6 /* MobilePayAPI.framework in Frameworks */,
				EC604058214955A200666F22 /* ShiftPlanningAPI.framework in Frameworks */,
				EC6040472149559200666F22 /* Client.framework in Frameworks */,
				ECBE0DF22167CF9F001725D6 /* libMobilePayManager1.8.1.a in Frameworks */,
			);
			runOnlyForDeploymentPostprocessing = 0;
		};
		EC6040082149556000666F22 /* Frameworks */ = {
			isa = PBXFrameworksBuildPhase;
			buildActionMask = 2147483647;
			files = (
			);
			runOnlyForDeploymentPostprocessing = 0;
		};
		EC60401A2149556A00666F22 /* Frameworks */ = {
			isa = PBXFrameworksBuildPhase;
			buildActionMask = 2147483647;
			files = (
				EC60409821495C1100666F22 /* Entities.framework in Frameworks */,
				EC60409721495C0A00666F22 /* Client.framework in Frameworks */,
				EC60409F214967B400666F22 /* Alamofire.framework in Frameworks */,
			);
			runOnlyForDeploymentPostprocessing = 0;
		};
		EC60403C2149559200666F22 /* Frameworks */ = {
			isa = PBXFrameworksBuildPhase;
			buildActionMask = 2147483647;
			files = (
				EC60409D214960A800666F22 /* Alamofire.framework in Frameworks */,
			);
			runOnlyForDeploymentPostprocessing = 0;
		};
		EC60404D214955A200666F22 /* Frameworks */ = {
			isa = PBXFrameworksBuildPhase;
			buildActionMask = 2147483647;
			files = (
				EC60409A21495C5900666F22 /* Entities.framework in Frameworks */,
				EC60409921495C5600666F22 /* Client.framework in Frameworks */,
				EC60409E2149677400666F22 /* Alamofire.framework in Frameworks */,
			);
			runOnlyForDeploymentPostprocessing = 0;
		};
		ECBE0DDD2167CF11001725D6 /* Frameworks */ = {
			isa = PBXFrameworksBuildPhase;
			buildActionMask = 2147483647;
			files = (
				ECBE0DF12167CF36001725D6 /* libMobilePayManager1.8.1.a in Frameworks */,
			);
			runOnlyForDeploymentPostprocessing = 0;
		};
/* End PBXFrameworksBuildPhase section */

/* Begin PBXGroup section */
		EC1770D8222C42DE004247F2 /* Input */ = {
			isa = PBXGroup;
			children = (
				EC1770D9222C434E004247F2 /* InputViewController.swift */,
			);
			path = Input;
			sourceTree = "<group>";
		};
		EC2A7E9F22314A09008AD03C /* Localization */ = {
			isa = PBXGroup;
			children = (
				EC2A7EA122314F9C008AD03C /* da-DK.lproj */,
				EC2A7EA222314F9C008AD03C /* en.lproj */,
				EC2A7EA022314F9C008AD03C /* GeneratedLocalizedStrings.swift */,
				EC2A7EA322314F9C008AD03C /* Localizable.swift */,
			);
			path = Localization;
			sourceTree = "<group>";
		};
		EC51B8DB215927BB00DF5EB1 /* Resources */ = {
			isa = PBXGroup;
			children = (
				EC603FCB2149357800666F22 /* Assets.xcassets */,
			);
			path = Resources;
			sourceTree = "<group>";
		};
		EC603FB82149357700666F22 = {
			isa = PBXGroup;
			children = (
				EC60409B21495C7A00666F22 /* Meta */,
				EC603FC32149357700666F22 /* Analog */,
				EC60400D2149556000666F22 /* Entities */,
				EC60401F2149556A00666F22 /* ClipCardAPI */,
				EC6040412149559200666F22 /* Client */,
				EC604052214955A200666F22 /* ShiftPlanningAPI */,
				ECBE0DE12167CF11001725D6 /* MobilePayAPI */,
				EC603FC22149357700666F22 /* Products */,
				EC60409621495C0A00666F22 /* Frameworks */,
			);
			sourceTree = "<group>";
		};
		EC603FC22149357700666F22 /* Products */ = {
			isa = PBXGroup;
			children = (
				EC603FC12149357700666F22 /* Analog.app */,
				EC60400C2149556000666F22 /* Entities.framework */,
				EC60401E2149556A00666F22 /* ClipCardAPI.framework */,
				EC6040402149559200666F22 /* Client.framework */,
				EC604051214955A200666F22 /* ShiftPlanningAPI.framework */,
				ECBE0DE02167CF11001725D6 /* MobilePayAPI.framework */,
			);
			name = Products;
			sourceTree = "<group>";
		};
		EC603FC32149357700666F22 /* Analog */ = {
			isa = PBXGroup;
			children = (
				EC2A7E9F22314A09008AD03C /* Localization */,
				EC6DAAE7221DB90F008D0A76 /* Views */,
				EC51B8DB215927BB00DF5EB1 /* Resources */,
				EC603FDC2149381400666F22 /* Scenes */,
				EC603FDB2149365900666F22 /* Application */,
				EC603FDA2149362400666F22 /* Shared */,
			);
			path = Analog;
			sourceTree = "<group>";
		};
		EC603FDA2149362400666F22 /* Shared */ = {
			isa = PBXGroup;
			children = (
				EC9F9835214E3D1200C39F96 /* Extensions */,
				EC603FFF21494EEE00666F22 /* Color.swift */,
				EC60400121494EF700666F22 /* Font.swift */,
				EC9F9839214E402B00C39F96 /* KeyChainService.swift */,
				EC97260F2275C6F200E3EF37 /* DateFormat.swift */,
				EC8C8F9122817564002533A6 /* UserDefaultsKey.swift */,
			);
			path = Shared;
			sourceTree = "<group>";
		};
		EC603FDB2149365900666F22 /* Application */ = {
			isa = PBXGroup;
			children = (
				EC603FCD2149357800666F22 /* LaunchScreen.storyboard */,
				EC603FD02149357800666F22 /* Info.plist */,
				EC603FC42149357700666F22 /* AppDelegate.swift */,
				EC9F9838214E3D9800C39F96 /* Analog-Bridging-Header.h */,
			);
			path = Application;
			sourceTree = "<group>";
		};
		EC603FDC2149381400666F22 /* Scenes */ = {
			isa = PBXGroup;
			children = (
				ECC91190216030730085295A /* UpdateUser */,
				ECC9116E215E4C360085295A /* Voucher */,
				EC603FE32149493E00666F22 /* Home */,
				EC603FE22149492600666F22 /* Register */,
				EC603FDD214948F400666F22 /* Login */,
			);
			path = Scenes;
			sourceTree = "<group>";
		};
		EC603FDD214948F400666F22 /* Login */ = {
			isa = PBXGroup;
			children = (
				EC603FDE2149491000666F22 /* LoginViewController.swift */,
				EC603FE02149492000666F22 /* LoginViewModel.swift */,
			);
			path = Login;
			sourceTree = "<group>";
		};
		EC603FE22149492600666F22 /* Register */ = {
			isa = PBXGroup;
			children = (
				EC1770D8222C42DE004247F2 /* Input */,
				EC604003214951FF00666F22 /* RegisterViewController.swift */,
				EC6040052149521900666F22 /* RegisterViewModel.swift */,
			);
			path = Register;
			sourceTree = "<group>";
		};
		EC603FE32149493E00666F22 /* Home */ = {
			isa = PBXGroup;
			children = (
				EC603FE921494ACE00666F22 /* Leaderboard */,
				EC603FE821494AC800666F22 /* Receipts */,
				EC603FE721494ABF00666F22 /* Profile */,
				EC603FE621494ABA00666F22 /* Tickets */,
				EC603FE4214949CB00666F22 /* HomeTabBarViewController.swift */,
			);
			path = Home;
			sourceTree = "<group>";
		};
		EC603FE621494ABA00666F22 /* Tickets */ = {
			isa = PBXGroup;
			children = (
				EC603FFB21494B5A00666F22 /* TicketsViewController.swift */,
				EC603FFD21494B6400666F22 /* TicketsViewModel.swift */,
			);
			path = Tickets;
			sourceTree = "<group>";
		};
		EC603FE721494ABF00666F22 /* Profile */ = {
			isa = PBXGroup;
			children = (
				EC603FF721494B2E00666F22 /* ProfileViewController.swift */,
				EC603FF921494B3B00666F22 /* ProfileViewModel.swift */,
			);
			path = Profile;
			sourceTree = "<group>";
		};
		EC603FE821494AC800666F22 /* Receipts */ = {
			isa = PBXGroup;
			children = (
				EC603FF321494B1A00666F22 /* ReceiptsViewController.swift */,
				EC603FF521494B2300666F22 /* ReceiptsViewModel.swift */,
			);
			path = Receipts;
			sourceTree = "<group>";
		};
		EC603FE921494ACE00666F22 /* Leaderboard */ = {
			isa = PBXGroup;
			children = (
				EC603FEF21494AFE00666F22 /* LeaderboardViewController.swift */,
				EC603FF121494B0800666F22 /* LeaderboardViewModel.swift */,
			);
			path = Leaderboard;
			sourceTree = "<group>";
		};
		EC60400D2149556000666F22 /* Entities */ = {
			isa = PBXGroup;
			children = (
				EC60405D214955B600666F22 /* Sources */,
				EC60400E2149556000666F22 /* Entities.h */,
				EC60400F2149556000666F22 /* Info.plist */,
			);
			path = Entities;
			sourceTree = "<group>";
		};
		EC60401F2149556A00666F22 /* ClipCardAPI */ = {
			isa = PBXGroup;
			children = (
				EC60406F214956AE00666F22 /* Endpoints */,
				EC60406E214956A800666F22 /* Sources */,
				EC6040202149556A00666F22 /* ClipCardAPI.h */,
				EC6040212149556A00666F22 /* Info.plist */,
			);
			path = ClipCardAPI;
			sourceTree = "<group>";
		};
		EC6040412149559200666F22 /* Client */ = {
			isa = PBXGroup;
			children = (
				EC60408B2149583F00666F22 /* Sources */,
				EC6040422149559200666F22 /* Client.h */,
				EC6040432149559200666F22 /* Info.plist */,
			);
			path = Client;
			sourceTree = "<group>";
		};
		EC604052214955A200666F22 /* ShiftPlanningAPI */ = {
			isa = PBXGroup;
			children = (
				EC60407C214957B500666F22 /* Endpoints */,
				EC60407B214957B000666F22 /* Sources */,
				EC604053214955A200666F22 /* ShiftPlanningAPI.h */,
				EC604054214955A200666F22 /* Info.plist */,
			);
			path = ShiftPlanningAPI;
			sourceTree = "<group>";
		};
		EC60405D214955B600666F22 /* Sources */ = {
			isa = PBXGroup;
			children = (
				EC60405E2149561700666F22 /* Employee.swift */,
				EC6040612149561700666F22 /* Employees.swift */,
				EC6040602149561700666F22 /* Product.swift */,
				EC6040642149561700666F22 /* Shift.swift */,
				EC6040632149561700666F22 /* State.swift */,
				EC9F982F214BCB1500C39F96 /* Cafe.swift */,
				EC9F983D214E4D1D00C39F96 /* User.swift */,
				EC9F983F214E680E00C39F96 /* Programme.swift */,
				EC9F9843214E7CA900C39F96 /* ValueMessage.swift */,
				ECC5CA58214FAD940082E2E9 /* Ticket.swift */,
				ECC91173215E4DA70085295A /* Purchase.swift */,
				ECBE0D8D21679127001725D6 /* Token.swift */,
				EC45A170216B549600E14A55 /* LeaderboardUser.swift */,
				EC6394FB21B1BBE2003D9641 /* MPOrder.swift */,
				EC77531F22429E9300B7F83C /* Message.swift */,
				EC841C5B2270B6AE001307F7 /* Coffeecard.swift */,
			);
			path = Sources;
			sourceTree = "<group>";
		};
		EC60406E214956A800666F22 /* Sources */ = {
			isa = PBXGroup;
			children = (
				EC604076214956CE00666F22 /* ClipCardAPI.swift */,
				EC604074214956CE00666F22 /* ClipCardError.swift */,
			);
			path = Sources;
			sourceTree = "<group>";
		};
		EC60406F214956AE00666F22 /* Endpoints */ = {
			isa = PBXGroup;
			children = (
				EC604070214956BF00666F22 /* Product.swift */,
				EC9F983B214E4C5700C39F96 /* User.swift */,
				EC9F9841214E684400C39F96 /* Programme.swift */,
				EC66020D215546A3004716F7 /* Ticket.swift */,
				ECC91177215E4F1F0085295A /* Purchase.swift */,
				EC45A172216B558A00E14A55 /* Leaderboard.swift */,
				EC6394F921B1BB2D003D9641 /* MobilePay.swift */,
				EC841C592270B53A001307F7 /* Coffeecard.swift */,
			);
			path = Endpoints;
			sourceTree = "<group>";
		};
		EC60407B214957B000666F22 /* Sources */ = {
			isa = PBXGroup;
			children = (
				EC6040872149580700666F22 /* ShiftPlanningAPI.swift */,
				EC6040862149580700666F22 /* ShiftPlanningError.swift */,
			);
			path = Sources;
			sourceTree = "<group>";
		};
		EC60407C214957B500666F22 /* Endpoints */ = {
			isa = PBXGroup;
			children = (
				EC60407E214957C600666F22 /* Shift.swift */,
				EC9F982D214BCA2700C39F96 /* Cafe.swift */,
			);
			path = Endpoints;
			sourceTree = "<group>";
		};
		EC60408B2149583F00666F22 /* Sources */ = {
			isa = PBXGroup;
			children = (
				EC60408D2149584C00666F22 /* API.swift */,
				EC60408E2149584C00666F22 /* Request.swift */,
				EC60408F2149584D00666F22 /* RequestNoContent.swift */,
				EC6040902149584D00666F22 /* Response.swift */,
				EC60408C2149584C00666F22 /* ResponseNoContent.swift */,
				EC9F9829214B8BC300C39F96 /* APIError.swift */,
			);
			path = Sources;
			sourceTree = "<group>";
		};
		EC60409621495C0A00666F22 /* Frameworks */ = {
			isa = PBXGroup;
			children = (
				EC60409C214960A800666F22 /* Alamofire.framework */,
			);
			name = Frameworks;
			sourceTree = "<group>";
		};
		EC60409B21495C7A00666F22 /* Meta */ = {
			isa = PBXGroup;
			children = (
				ECC91168215E4B4F0085295A /* README.md */,
				EC603FD7214935EC00666F22 /* Cartfile */,
			);
			name = Meta;
			sourceTree = "<group>";
		};
		EC66020F215548C8004716F7 /* Cells */ = {
			isa = PBXGroup;
			children = (
				ECBD74A12157D8410097C9A6 /* CoffeecardCollectionViewCell.swift */,
				ECBD74A421584C270097C9A6 /* ReceiptCollectionViewCell.swift */,
				EC51B8D9215926B500DF5EB1 /* StaticTableViewCell.swift */,
				ECC91175215E4DCE0085295A /* PurchaseCollectionViewCell.swift */,
				EC45A16E216B531800E14A55 /* LeaderboardCollectionViewCell.swift */,
			);
			path = Cells;
			sourceTree = "<group>";
		};
		EC6DAAE7221DB90F008D0A76 /* Views */ = {
			isa = PBXGroup;
			children = (
				EC97260A2275A11D00E3EF37 /* ReceiptPopover */,
				EC660216215550E9004716F7 /* ActivityIndication.swift */,
				EC7259AA2246544F00C670E7 /* CoffeecardButtonView.swift */,
				EC66020F215548C8004716F7 /* Cells */,
				EC9F982B214BBBBD00C39F96 /* PasswordInput.swift */,
				EC6DAAE5221DB767008D0A76 /* TitleSubtitleView.swift */,
				EC9725FF22733AAE00E3EF37 /* SwipeButton.swift */,
				EC9726112275E8B700E3EF37 /* RankView.swift */,
				EC255330227ECFB600E193A1 /* NumberKeyboard.swift */,
			);
			path = Views;
			sourceTree = "<group>";
		};
		EC97260A2275A11D00E3EF37 /* ReceiptPopover */ = {
			isa = PBXGroup;
			children = (
				EC97260B2275A12B00E3EF37 /* ReceiptPopover.swift */,
				EC97260D2275A5A400E3EF37 /* FadeAnimationController.swift */,
			);
			path = ReceiptPopover;
			sourceTree = "<group>";
		};
		EC9F9835214E3D1200C39F96 /* Extensions */ = {
			isa = PBXGroup;
			children = (
				EC9F9836214E3D2200C39F96 /* String.swift */,
				EC9F9846214EA49000C39F96 /* UIView.swift */,
				ECC5CA5A214FB25B0082E2E9 /* UIViewController.swift */,
				EC6DAAF1221DC362008D0A76 /* UIColor.swift */,
			);
			path = Extensions;
			sourceTree = "<group>";
		};
		ECBE0DE12167CF11001725D6 /* MobilePayAPI */ = {
			isa = PBXGroup;
			children = (
				ECBE0DEC2167CF18001725D6 /* Sources */,
				ECBE0DE22167CF11001725D6 /* MobilePayAPI.h */,
				ECBE0DE32167CF11001725D6 /* Info.plist */,
			);
			path = MobilePayAPI;
			sourceTree = "<group>";
		};
		ECBE0DEC2167CF18001725D6 /* Sources */ = {
			isa = PBXGroup;
			children = (
				ECBE0DCD2167CD20001725D6 /* libMobilePayManager1.8.1.a */,
				ECBE0DCF2167CD21001725D6 /* MobilePayCancelledPayment.h */,
				ECBE0DCE2167CD20001725D6 /* MobilePayManager.h */,
				ECBE0DD02167CD21001725D6 /* MobilePayPayment.h */,
				ECBE0DD12167CD21001725D6 /* MobilePaySuccessfulPayment.h */,
			);
			path = Sources;
			sourceTree = "<group>";
		};
		ECC9116E215E4C360085295A /* Voucher */ = {
			isa = PBXGroup;
			children = (
				ECC91185215E5ADB0085295A /* VoucherViewController.swift */,
				ECC91187215E5AE50085295A /* VoucherViewModel.swift */,
			);
			path = Voucher;
			sourceTree = "<group>";
		};
		ECC91190216030730085295A /* UpdateUser */ = {
			isa = PBXGroup;
			children = (
				ECC911912160309C0085295A /* UpdateUserViewController.swift */,
				EC01847821A1B20100230FF7 /* UpdateUserViewModel.swift */,
			);
			path = UpdateUser;
			sourceTree = "<group>";
		};
/* End PBXGroup section */

/* Begin PBXHeadersBuildPhase section */
		EC6040092149556000666F22 /* Headers */ = {
			isa = PBXHeadersBuildPhase;
			buildActionMask = 2147483647;
			files = (
				EC6040102149556000666F22 /* Entities.h in Headers */,
			);
			runOnlyForDeploymentPostprocessing = 0;
		};
		EC60401B2149556A00666F22 /* Headers */ = {
			isa = PBXHeadersBuildPhase;
			buildActionMask = 2147483647;
			files = (
				EC6040222149556A00666F22 /* ClipCardAPI.h in Headers */,
			);
			runOnlyForDeploymentPostprocessing = 0;
		};
		EC60403D2149559200666F22 /* Headers */ = {
			isa = PBXHeadersBuildPhase;
			buildActionMask = 2147483647;
			files = (
				EC6040442149559200666F22 /* Client.h in Headers */,
			);
			runOnlyForDeploymentPostprocessing = 0;
		};
		EC60404E214955A200666F22 /* Headers */ = {
			isa = PBXHeadersBuildPhase;
			buildActionMask = 2147483647;
			files = (
				EC604055214955A200666F22 /* ShiftPlanningAPI.h in Headers */,
			);
			runOnlyForDeploymentPostprocessing = 0;
		};
		ECBE0DDB2167CF11001725D6 /* Headers */ = {
			isa = PBXHeadersBuildPhase;
			buildActionMask = 2147483647;
			files = (
				ECBE0DF02167CF31001725D6 /* MobilePaySuccessfulPayment.h in Headers */,
				ECBE0DEF2167CF31001725D6 /* MobilePayPayment.h in Headers */,
				ECBE0DED2167CF31001725D6 /* MobilePayCancelledPayment.h in Headers */,
				ECBE0DE42167CF11001725D6 /* MobilePayAPI.h in Headers */,
				ECBE0DEE2167CF31001725D6 /* MobilePayManager.h in Headers */,
			);
			runOnlyForDeploymentPostprocessing = 0;
		};
/* End PBXHeadersBuildPhase section */

/* Begin PBXNativeTarget section */
		EC603FC02149357700666F22 /* Analog */ = {
			isa = PBXNativeTarget;
			buildConfigurationList = EC603FD32149357800666F22 /* Build configuration list for PBXNativeTarget "Analog" */;
			buildPhases = (
				EC603FBD2149357700666F22 /* Sources */,
				EC603FBE2149357700666F22 /* Frameworks */,
				EC603FBF2149357700666F22 /* Resources */,
				EC603FD9214935FE00666F22 /* Carthage */,
				EC6040182149556000666F22 /* Embed Frameworks */,
			);
			buildRules = (
			);
			dependencies = (
				EC6040122149556000666F22 /* PBXTargetDependency */,
				EC6040242149556A00666F22 /* PBXTargetDependency */,
				EC6040462149559200666F22 /* PBXTargetDependency */,
				EC604057214955A200666F22 /* PBXTargetDependency */,
				ECBE0DE62167CF11001725D6 /* PBXTargetDependency */,
			);
			name = Analog;
			productName = Analog;
			productReference = EC603FC12149357700666F22 /* Analog.app */;
			productType = "com.apple.product-type.application";
		};
		EC60400B2149556000666F22 /* Entities */ = {
			isa = PBXNativeTarget;
			buildConfigurationList = EC6040152149556000666F22 /* Build configuration list for PBXNativeTarget "Entities" */;
			buildPhases = (
				EC6040072149556000666F22 /* Sources */,
				EC6040082149556000666F22 /* Frameworks */,
				EC6040092149556000666F22 /* Headers */,
				EC60400A2149556000666F22 /* Resources */,
			);
			buildRules = (
			);
			dependencies = (
			);
			name = Entities;
			productName = Entities;
			productReference = EC60400C2149556000666F22 /* Entities.framework */;
			productType = "com.apple.product-type.framework";
		};
		EC60401D2149556A00666F22 /* ClipCardAPI */ = {
			isa = PBXNativeTarget;
			buildConfigurationList = EC6040272149556A00666F22 /* Build configuration list for PBXNativeTarget "ClipCardAPI" */;
			buildPhases = (
				EC6040192149556A00666F22 /* Sources */,
				EC60401A2149556A00666F22 /* Frameworks */,
				EC60401B2149556A00666F22 /* Headers */,
				EC60401C2149556A00666F22 /* Resources */,
			);
			buildRules = (
			);
			dependencies = (
			);
			name = ClipCardAPI;
			productName = ClipCardAPI;
			productReference = EC60401E2149556A00666F22 /* ClipCardAPI.framework */;
			productType = "com.apple.product-type.framework";
		};
		EC60403F2149559200666F22 /* Client */ = {
			isa = PBXNativeTarget;
			buildConfigurationList = EC6040492149559200666F22 /* Build configuration list for PBXNativeTarget "Client" */;
			buildPhases = (
				EC60403B2149559200666F22 /* Sources */,
				EC60403C2149559200666F22 /* Frameworks */,
				EC60403D2149559200666F22 /* Headers */,
				EC60403E2149559200666F22 /* Resources */,
			);
			buildRules = (
			);
			dependencies = (
			);
			name = Client;
			productName = Client;
			productReference = EC6040402149559200666F22 /* Client.framework */;
			productType = "com.apple.product-type.framework";
		};
		EC604050214955A200666F22 /* ShiftPlanningAPI */ = {
			isa = PBXNativeTarget;
			buildConfigurationList = EC60405A214955A200666F22 /* Build configuration list for PBXNativeTarget "ShiftPlanningAPI" */;
			buildPhases = (
				EC60404C214955A200666F22 /* Sources */,
				EC60404D214955A200666F22 /* Frameworks */,
				EC60404E214955A200666F22 /* Headers */,
				EC60404F214955A200666F22 /* Resources */,
			);
			buildRules = (
			);
			dependencies = (
			);
			name = ShiftPlanningAPI;
			productName = ShiftPlanningAPI;
			productReference = EC604051214955A200666F22 /* ShiftPlanningAPI.framework */;
			productType = "com.apple.product-type.framework";
		};
		ECBE0DDF2167CF11001725D6 /* MobilePayAPI */ = {
			isa = PBXNativeTarget;
			buildConfigurationList = ECBE0DE92167CF11001725D6 /* Build configuration list for PBXNativeTarget "MobilePayAPI" */;
			buildPhases = (
				ECBE0DDB2167CF11001725D6 /* Headers */,
				ECBE0DDC2167CF11001725D6 /* Sources */,
				ECBE0DDD2167CF11001725D6 /* Frameworks */,
				ECBE0DDE2167CF11001725D6 /* Resources */,
			);
			buildRules = (
			);
			dependencies = (
			);
			name = MobilePayAPI;
			productName = MobilePayAPI;
			productReference = ECBE0DE02167CF11001725D6 /* MobilePayAPI.framework */;
			productType = "com.apple.product-type.framework";
		};
/* End PBXNativeTarget section */

/* Begin PBXProject section */
		EC603FB92149357700666F22 /* Project object */ = {
			isa = PBXProject;
			attributes = {
				LastSwiftUpdateCheck = 0940;
				LastUpgradeCheck = 0940;
				ORGANIZATIONNAME = analogio;
				TargetAttributes = {
					EC603FC02149357700666F22 = {
						CreatedOnToolsVersion = 9.4.1;
						LastSwiftMigration = 1020;
					};
					EC60400B2149556000666F22 = {
						CreatedOnToolsVersion = 9.4.1;
						LastSwiftMigration = 1020;
					};
					EC60401D2149556A00666F22 = {
						CreatedOnToolsVersion = 9.4.1;
						LastSwiftMigration = 1020;
					};
					EC60403F2149559200666F22 = {
						CreatedOnToolsVersion = 9.4.1;
						LastSwiftMigration = 1020;
					};
					EC604050214955A200666F22 = {
						CreatedOnToolsVersion = 9.4.1;
						LastSwiftMigration = 1020;
					};
					ECBE0DDF2167CF11001725D6 = {
						CreatedOnToolsVersion = 10.0;
					};
				};
			};
			buildConfigurationList = EC603FBC2149357700666F22 /* Build configuration list for PBXProject "Analog" */;
			compatibilityVersion = "Xcode 9.3";
			developmentRegion = en;
			hasScannedForEncodings = 0;
			knownRegions = (
				en,
				Base,
			);
			mainGroup = EC603FB82149357700666F22;
			productRefGroup = EC603FC22149357700666F22 /* Products */;
			projectDirPath = "";
			projectRoot = "";
			targets = (
				EC603FC02149357700666F22 /* Analog */,
				EC60400B2149556000666F22 /* Entities */,
				EC60401D2149556A00666F22 /* ClipCardAPI */,
				EC60403F2149559200666F22 /* Client */,
				EC604050214955A200666F22 /* ShiftPlanningAPI */,
				ECBE0DDF2167CF11001725D6 /* MobilePayAPI */,
			);
		};
/* End PBXProject section */

/* Begin PBXResourcesBuildPhase section */
		EC603FBF2149357700666F22 /* Resources */ = {
			isa = PBXResourcesBuildPhase;
			buildActionMask = 2147483647;
			files = (
				EC2A7EA622314F9C008AD03C /* en.lproj in Resources */,
				EC603FD8214935EC00666F22 /* Cartfile in Resources */,
				EC2A7EA522314F9C008AD03C /* da-DK.lproj in Resources */,
				ECC91169215E4B4F0085295A /* README.md in Resources */,
				EC603FCF2149357800666F22 /* LaunchScreen.storyboard in Resources */,
				EC603FCC2149357800666F22 /* Assets.xcassets in Resources */,
			);
			runOnlyForDeploymentPostprocessing = 0;
		};
		EC60400A2149556000666F22 /* Resources */ = {
			isa = PBXResourcesBuildPhase;
			buildActionMask = 2147483647;
			files = (
			);
			runOnlyForDeploymentPostprocessing = 0;
		};
		EC60401C2149556A00666F22 /* Resources */ = {
			isa = PBXResourcesBuildPhase;
			buildActionMask = 2147483647;
			files = (
			);
			runOnlyForDeploymentPostprocessing = 0;
		};
		EC60403E2149559200666F22 /* Resources */ = {
			isa = PBXResourcesBuildPhase;
			buildActionMask = 2147483647;
			files = (
			);
			runOnlyForDeploymentPostprocessing = 0;
		};
		EC60404F214955A200666F22 /* Resources */ = {
			isa = PBXResourcesBuildPhase;
			buildActionMask = 2147483647;
			files = (
			);
			runOnlyForDeploymentPostprocessing = 0;
		};
		ECBE0DDE2167CF11001725D6 /* Resources */ = {
			isa = PBXResourcesBuildPhase;
			buildActionMask = 2147483647;
			files = (
			);
			runOnlyForDeploymentPostprocessing = 0;
		};
/* End PBXResourcesBuildPhase section */

/* Begin PBXShellScriptBuildPhase section */
		EC603FD9214935FE00666F22 /* Carthage */ = {
			isa = PBXShellScriptBuildPhase;
			buildActionMask = 2147483647;
			files = (
			);
			inputPaths = (
				"$(SRCROOT)/Carthage/Build/iOS/Alamofire.framework",
			);
			name = Carthage;
			outputPaths = (
				"$(BUILT_PRODUCTS_DIR)/$(FRAMEWORKS_FOLDER_PATH)/Alamofire.framework",
			);
			runOnlyForDeploymentPostprocessing = 0;
			shellPath = /bin/sh;
			shellScript = "/usr/local/bin/carthage copy-frameworks\n";
		};
/* End PBXShellScriptBuildPhase section */

/* Begin PBXSourcesBuildPhase section */
		EC603FBD2149357700666F22 /* Sources */ = {
			isa = PBXSourcesBuildPhase;
			buildActionMask = 2147483647;
			files = (
				EC9F9837214E3D2200C39F96 /* String.swift in Sources */,
				EC9726122275E8B700E3EF37 /* RankView.swift in Sources */,
				EC603FF421494B1A00666F22 /* ReceiptsViewController.swift in Sources */,
				EC97260022733AAE00E3EF37 /* SwipeButton.swift in Sources */,
				ECBD74A32157DE4A0097C9A6 /* ActivityIndication.swift in Sources */,
				EC6DAAEE221DB953008D0A76 /* PasswordInput.swift in Sources */,
				EC603FDF2149491000666F22 /* LoginViewController.swift in Sources */,
				EC604004214951FF00666F22 /* RegisterViewController.swift in Sources */,
				EC603FE5214949CB00666F22 /* HomeTabBarViewController.swift in Sources */,
				EC603FF021494AFE00666F22 /* LeaderboardViewController.swift in Sources */,
				EC97260C2275A12B00E3EF37 /* ReceiptPopover.swift in Sources */,
				ECC911922160309C0085295A /* UpdateUserViewController.swift in Sources */,
				EC01847921A1B20100230FF7 /* UpdateUserViewModel.swift in Sources */,
				ECC91188215E5AE50085295A /* VoucherViewModel.swift in Sources */,
				EC603FC52149357700666F22 /* AppDelegate.swift in Sources */,
				EC603FFA21494B3B00666F22 /* ProfileViewModel.swift in Sources */,
				EC7259AB2246544F00C670E7 /* CoffeecardButtonView.swift in Sources */,
				EC2A7EA722314F9C008AD03C /* Localizable.swift in Sources */,
				EC9F9847214EA49000C39F96 /* UIView.swift in Sources */,
				EC60400021494EEE00666F22 /* Color.swift in Sources */,
				EC6DAAE9221DB953008D0A76 /* ReceiptCollectionViewCell.swift in Sources */,
				EC603FFE21494B6400666F22 /* TicketsViewModel.swift in Sources */,
				ECC5CA5B214FB25B0082E2E9 /* UIViewController.swift in Sources */,
				EC6DAAE8221DB953008D0A76 /* CoffeecardCollectionViewCell.swift in Sources */,
				EC6DAAEB221DB953008D0A76 /* PurchaseCollectionViewCell.swift in Sources */,
				EC97260E2275A5A400E3EF37 /* FadeAnimationController.swift in Sources */,
				EC603FF221494B0800666F22 /* LeaderboardViewModel.swift in Sources */,
				EC603FE12149492000666F22 /* LoginViewModel.swift in Sources */,
				EC6040062149521900666F22 /* RegisterViewModel.swift in Sources */,
				EC60400221494EF700666F22 /* Font.swift in Sources */,
				EC6DAAF2221DC362008D0A76 /* UIColor.swift in Sources */,
				EC1770DA222C434E004247F2 /* InputViewController.swift in Sources */,
				EC8C8F9222817564002533A6 /* UserDefaultsKey.swift in Sources */,
				EC603FF821494B2E00666F22 /* ProfileViewController.swift in Sources */,
				EC6DAAED221DB953008D0A76 /* LeaderboardCollectionViewCell.swift in Sources */,
				EC9F983A214E402B00C39F96 /* KeyChainService.swift in Sources */,
				EC6DAAEA221DB953008D0A76 /* StaticTableViewCell.swift in Sources */,
				EC255331227ECFB600E193A1 /* NumberKeyboard.swift in Sources */,
				ECC91186215E5ADB0085295A /* VoucherViewController.swift in Sources */,
				EC2A7EA422314F9C008AD03C /* GeneratedLocalizedStrings.swift in Sources */,
				EC6DAAF0221DB953008D0A76 /* TitleSubtitleView.swift in Sources */,
				EC603FF621494B2300666F22 /* ReceiptsViewModel.swift in Sources */,
				EC9726102275C6F200E3EF37 /* DateFormat.swift in Sources */,
				EC603FFC21494B5A00666F22 /* TicketsViewController.swift in Sources */,
			);
			runOnlyForDeploymentPostprocessing = 0;
		};
		EC6040072149556000666F22 /* Sources */ = {
			isa = PBXSourcesBuildPhase;
			buildActionMask = 2147483647;
			files = (
				EC9F9840214E680E00C39F96 /* Programme.swift in Sources */,
				EC6040662149561700666F22 /* Employee.swift in Sources */,
				EC9F983E214E4D1D00C39F96 /* User.swift in Sources */,
				EC6040692149561700666F22 /* Employees.swift in Sources */,
				EC60406C2149561700666F22 /* Shift.swift in Sources */,
				EC9F9844214E7CA900C39F96 /* ValueMessage.swift in Sources */,
				ECC5CA59214FAD940082E2E9 /* Ticket.swift in Sources */,
				EC9F9830214BCB1500C39F96 /* Cafe.swift in Sources */,
				EC6040682149561700666F22 /* Product.swift in Sources */,
				EC6394FC21B1BBE2003D9641 /* MPOrder.swift in Sources */,
				ECC91174215E4DA70085295A /* Purchase.swift in Sources */,
				ECBE0D8E21679127001725D6 /* Token.swift in Sources */,
				EC77532022429E9300B7F83C /* Message.swift in Sources */,
				EC841C5C2270B6AE001307F7 /* Coffeecard.swift in Sources */,
				EC45A171216B549600E14A55 /* LeaderboardUser.swift in Sources */,
				EC60406B2149561700666F22 /* State.swift in Sources */,
			);
			runOnlyForDeploymentPostprocessing = 0;
		};
		EC6040192149556A00666F22 /* Sources */ = {
			isa = PBXSourcesBuildPhase;
			buildActionMask = 2147483647;
			files = (
				EC66021521554ED7004716F7 /* ClipCardAPI.swift in Sources */,
				EC9F9842214E684400C39F96 /* Programme.swift in Sources */,
				EC66020E215546A3004716F7 /* Ticket.swift in Sources */,
				ECC91178215E4F1F0085295A /* Purchase.swift in Sources */,
				EC6394FA21B1BB2D003D9641 /* MobilePay.swift in Sources */,
				EC604072214956BF00666F22 /* Product.swift in Sources */,
				EC9F983C214E4C5700C39F96 /* User.swift in Sources */,
				EC45A173216B558A00E14A55 /* Leaderboard.swift in Sources */,
				EC604077214956CE00666F22 /* ClipCardError.swift in Sources */,
				EC841C5A2270B53A001307F7 /* Coffeecard.swift in Sources */,
			);
			runOnlyForDeploymentPostprocessing = 0;
		};
		EC60403B2149559200666F22 /* Sources */ = {
			isa = PBXSourcesBuildPhase;
			buildActionMask = 2147483647;
			files = (
				EC6040922149584D00666F22 /* API.swift in Sources */,
				EC6040932149584D00666F22 /* Request.swift in Sources */,
				EC6040942149584D00666F22 /* RequestNoContent.swift in Sources */,
				EC6040912149584D00666F22 /* ResponseNoContent.swift in Sources */,
				EC6040952149584D00666F22 /* Response.swift in Sources */,
				EC9F982A214B8BC300C39F96 /* APIError.swift in Sources */,
			);
			runOnlyForDeploymentPostprocessing = 0;
		};
		EC60404C214955A200666F22 /* Sources */ = {
			isa = PBXSourcesBuildPhase;
			buildActionMask = 2147483647;
			files = (
				EC60408A2149580700666F22 /* ShiftPlanningAPI.swift in Sources */,
				EC6040892149580700666F22 /* ShiftPlanningError.swift in Sources */,
				EC604082214957C600666F22 /* Shift.swift in Sources */,
				EC9F982E214BCA2700C39F96 /* Cafe.swift in Sources */,
			);
			runOnlyForDeploymentPostprocessing = 0;
		};
		ECBE0DDC2167CF11001725D6 /* Sources */ = {
			isa = PBXSourcesBuildPhase;
			buildActionMask = 2147483647;
			files = (
			);
			runOnlyForDeploymentPostprocessing = 0;
		};
/* End PBXSourcesBuildPhase section */

/* Begin PBXTargetDependency section */
		EC6040122149556000666F22 /* PBXTargetDependency */ = {
			isa = PBXTargetDependency;
			target = EC60400B2149556000666F22 /* Entities */;
			targetProxy = EC6040112149556000666F22 /* PBXContainerItemProxy */;
		};
		EC6040242149556A00666F22 /* PBXTargetDependency */ = {
			isa = PBXTargetDependency;
			target = EC60401D2149556A00666F22 /* ClipCardAPI */;
			targetProxy = EC6040232149556A00666F22 /* PBXContainerItemProxy */;
		};
		EC6040462149559200666F22 /* PBXTargetDependency */ = {
			isa = PBXTargetDependency;
			target = EC60403F2149559200666F22 /* Client */;
			targetProxy = EC6040452149559200666F22 /* PBXContainerItemProxy */;
		};
		EC604057214955A200666F22 /* PBXTargetDependency */ = {
			isa = PBXTargetDependency;
			target = EC604050214955A200666F22 /* ShiftPlanningAPI */;
			targetProxy = EC604056214955A200666F22 /* PBXContainerItemProxy */;
		};
		ECBE0DE62167CF11001725D6 /* PBXTargetDependency */ = {
			isa = PBXTargetDependency;
			target = ECBE0DDF2167CF11001725D6 /* MobilePayAPI */;
			targetProxy = ECBE0DE52167CF11001725D6 /* PBXContainerItemProxy */;
		};
/* End PBXTargetDependency section */

/* Begin PBXVariantGroup section */
		EC603FCD2149357800666F22 /* LaunchScreen.storyboard */ = {
			isa = PBXVariantGroup;
			children = (
				EC603FCE2149357800666F22 /* Base */,
			);
			name = LaunchScreen.storyboard;
			sourceTree = "<group>";
		};
/* End PBXVariantGroup section */

/* Begin XCBuildConfiguration section */
		EC603FD12149357800666F22 /* Debug */ = {
			isa = XCBuildConfiguration;
			buildSettings = {
				ALWAYS_SEARCH_USER_PATHS = NO;
				CLANG_ANALYZER_NONNULL = YES;
				CLANG_ANALYZER_NUMBER_OBJECT_CONVERSION = YES_AGGRESSIVE;
				CLANG_CXX_LANGUAGE_STANDARD = "gnu++14";
				CLANG_CXX_LIBRARY = "libc++";
				CLANG_ENABLE_MODULES = YES;
				CLANG_ENABLE_OBJC_ARC = YES;
				CLANG_ENABLE_OBJC_WEAK = YES;
				CLANG_WARN_BLOCK_CAPTURE_AUTORELEASING = YES;
				CLANG_WARN_BOOL_CONVERSION = YES;
				CLANG_WARN_COMMA = YES;
				CLANG_WARN_CONSTANT_CONVERSION = YES;
				CLANG_WARN_DEPRECATED_OBJC_IMPLEMENTATIONS = YES;
				CLANG_WARN_DIRECT_OBJC_ISA_USAGE = YES_ERROR;
				CLANG_WARN_DOCUMENTATION_COMMENTS = YES;
				CLANG_WARN_EMPTY_BODY = YES;
				CLANG_WARN_ENUM_CONVERSION = YES;
				CLANG_WARN_INFINITE_RECURSION = YES;
				CLANG_WARN_INT_CONVERSION = YES;
				CLANG_WARN_NON_LITERAL_NULL_CONVERSION = YES;
				CLANG_WARN_OBJC_IMPLICIT_RETAIN_SELF = YES;
				CLANG_WARN_OBJC_LITERAL_CONVERSION = YES;
				CLANG_WARN_OBJC_ROOT_CLASS = YES_ERROR;
				CLANG_WARN_RANGE_LOOP_ANALYSIS = YES;
				CLANG_WARN_STRICT_PROTOTYPES = YES;
				CLANG_WARN_SUSPICIOUS_MOVE = YES;
				CLANG_WARN_UNGUARDED_AVAILABILITY = YES_AGGRESSIVE;
				CLANG_WARN_UNREACHABLE_CODE = YES;
				CLANG_WARN__DUPLICATE_METHOD_MATCH = YES;
				CODE_SIGN_IDENTITY = "iPhone Developer";
				COPY_PHASE_STRIP = NO;
				DEBUG_INFORMATION_FORMAT = dwarf;
				ENABLE_STRICT_OBJC_MSGSEND = YES;
				ENABLE_TESTABILITY = YES;
				GCC_C_LANGUAGE_STANDARD = gnu11;
				GCC_DYNAMIC_NO_PIC = NO;
				GCC_NO_COMMON_BLOCKS = YES;
				GCC_OPTIMIZATION_LEVEL = 0;
				GCC_PREPROCESSOR_DEFINITIONS = (
					"DEBUG=1",
					"$(inherited)",
				);
				GCC_WARN_64_TO_32_BIT_CONVERSION = YES;
				GCC_WARN_ABOUT_RETURN_TYPE = YES_ERROR;
				GCC_WARN_UNDECLARED_SELECTOR = YES;
				GCC_WARN_UNINITIALIZED_AUTOS = YES_AGGRESSIVE;
				GCC_WARN_UNUSED_FUNCTION = YES;
				GCC_WARN_UNUSED_VARIABLE = YES;
				IPHONEOS_DEPLOYMENT_TARGET = 11.0;
				MTL_ENABLE_DEBUG_INFO = YES;
				ONLY_ACTIVE_ARCH = YES;
				SDKROOT = iphoneos;
				SWIFT_ACTIVE_COMPILATION_CONDITIONS = DEBUG;
				SWIFT_OPTIMIZATION_LEVEL = "-Onone";
			};
			name = Debug;
		};
		EC603FD22149357800666F22 /* Release */ = {
			isa = XCBuildConfiguration;
			buildSettings = {
				ALWAYS_SEARCH_USER_PATHS = NO;
				CLANG_ANALYZER_NONNULL = YES;
				CLANG_ANALYZER_NUMBER_OBJECT_CONVERSION = YES_AGGRESSIVE;
				CLANG_CXX_LANGUAGE_STANDARD = "gnu++14";
				CLANG_CXX_LIBRARY = "libc++";
				CLANG_ENABLE_MODULES = YES;
				CLANG_ENABLE_OBJC_ARC = YES;
				CLANG_ENABLE_OBJC_WEAK = YES;
				CLANG_WARN_BLOCK_CAPTURE_AUTORELEASING = YES;
				CLANG_WARN_BOOL_CONVERSION = YES;
				CLANG_WARN_COMMA = YES;
				CLANG_WARN_CONSTANT_CONVERSION = YES;
				CLANG_WARN_DEPRECATED_OBJC_IMPLEMENTATIONS = YES;
				CLANG_WARN_DIRECT_OBJC_ISA_USAGE = YES_ERROR;
				CLANG_WARN_DOCUMENTATION_COMMENTS = YES;
				CLANG_WARN_EMPTY_BODY = YES;
				CLANG_WARN_ENUM_CONVERSION = YES;
				CLANG_WARN_INFINITE_RECURSION = YES;
				CLANG_WARN_INT_CONVERSION = YES;
				CLANG_WARN_NON_LITERAL_NULL_CONVERSION = YES;
				CLANG_WARN_OBJC_IMPLICIT_RETAIN_SELF = YES;
				CLANG_WARN_OBJC_LITERAL_CONVERSION = YES;
				CLANG_WARN_OBJC_ROOT_CLASS = YES_ERROR;
				CLANG_WARN_RANGE_LOOP_ANALYSIS = YES;
				CLANG_WARN_STRICT_PROTOTYPES = YES;
				CLANG_WARN_SUSPICIOUS_MOVE = YES;
				CLANG_WARN_UNGUARDED_AVAILABILITY = YES_AGGRESSIVE;
				CLANG_WARN_UNREACHABLE_CODE = YES;
				CLANG_WARN__DUPLICATE_METHOD_MATCH = YES;
				CODE_SIGN_IDENTITY = "iPhone Developer";
				COPY_PHASE_STRIP = NO;
				DEBUG_INFORMATION_FORMAT = "dwarf-with-dsym";
				ENABLE_NS_ASSERTIONS = NO;
				ENABLE_STRICT_OBJC_MSGSEND = YES;
				GCC_C_LANGUAGE_STANDARD = gnu11;
				GCC_NO_COMMON_BLOCKS = YES;
				GCC_WARN_64_TO_32_BIT_CONVERSION = YES;
				GCC_WARN_ABOUT_RETURN_TYPE = YES_ERROR;
				GCC_WARN_UNDECLARED_SELECTOR = YES;
				GCC_WARN_UNINITIALIZED_AUTOS = YES_AGGRESSIVE;
				GCC_WARN_UNUSED_FUNCTION = YES;
				GCC_WARN_UNUSED_VARIABLE = YES;
				IPHONEOS_DEPLOYMENT_TARGET = 11.0;
				MTL_ENABLE_DEBUG_INFO = NO;
				SDKROOT = iphoneos;
				SWIFT_COMPILATION_MODE = wholemodule;
				SWIFT_OPTIMIZATION_LEVEL = "-O";
				VALIDATE_PRODUCT = YES;
			};
			name = Release;
		};
		EC603FD42149357800666F22 /* Debug */ = {
			isa = XCBuildConfiguration;
			buildSettings = {
				ALWAYS_EMBED_SWIFT_STANDARD_LIBRARIES = YES;
				ASSETCATALOG_COMPILER_APPICON_NAME = AppIcon;
				CODE_SIGN_STYLE = Manual;
				DEVELOPMENT_TEAM = Y5U9T77F2K;
				INFOPLIST_FILE = Analog/Application/Info.plist;
				IPHONEOS_DEPLOYMENT_TARGET = 11.0;
				LD_RUNPATH_SEARCH_PATHS = (
					"$(inherited)",
					"@executable_path/Frameworks",
				);
				LIBRARY_SEARCH_PATHS = (
					"$(inherited)",
					"$(PROJECT_DIR)/MobilePayAPI/Sources",
				);
				ONLY_ACTIVE_ARCH = YES;
				PRODUCT_BUNDLE_IDENTIFIER = DK.AnalogIO.DigitalCoffeeCard;
				PRODUCT_NAME = "$(TARGET_NAME)";
				PROVISIONING_PROFILE = "099456e7-1924-4a2d-b2f0-2fdafb00de82";
				PROVISIONING_PROFILE_SPECIFIER = Analog_Dev;
				SWIFT_OBJC_BRIDGING_HEADER = "Analog/Application/Analog-Bridging-Header.h";
				SWIFT_VERSION = 5.0;
				TARGETED_DEVICE_FAMILY = 1;
			};
			name = Debug;
		};
		EC603FD52149357800666F22 /* Release */ = {
			isa = XCBuildConfiguration;
			buildSettings = {
				ALWAYS_EMBED_SWIFT_STANDARD_LIBRARIES = YES;
				ASSETCATALOG_COMPILER_APPICON_NAME = AppIcon;
				CODE_SIGN_IDENTITY = "iPhone Distribution";
				CODE_SIGN_STYLE = Manual;
				DEVELOPMENT_TEAM = Y5U9T77F2K;
				INFOPLIST_FILE = Analog/Application/Info.plist;
				IPHONEOS_DEPLOYMENT_TARGET = 11.0;
				LD_RUNPATH_SEARCH_PATHS = (
					"$(inherited)",
					"@executable_path/Frameworks",
				);
				LIBRARY_SEARCH_PATHS = (
					"$(inherited)",
					"$(PROJECT_DIR)/MobilePayAPI/Sources",
				);
				PRODUCT_BUNDLE_IDENTIFIER = DK.AnalogIO.DigitalCoffeeCard;
				PRODUCT_NAME = "$(TARGET_NAME)";
				PROVISIONING_PROFILE = "099456e7-1924-4a2d-b2f0-2fdafb00de82";
				PROVISIONING_PROFILE_SPECIFIER = Analog_prod;
				SWIFT_OBJC_BRIDGING_HEADER = "Analog/Application/Analog-Bridging-Header.h";
				SWIFT_VERSION = 5.0;
				TARGETED_DEVICE_FAMILY = 1;
			};
			name = Release;
		};
		EC6040162149556000666F22 /* Debug */ = {
			isa = XCBuildConfiguration;
			buildSettings = {
				CLANG_ENABLE_MODULES = YES;
				CODE_SIGN_IDENTITY = "";
				CODE_SIGN_STYLE = Automatic;
				CURRENT_PROJECT_VERSION = 1;
				DEFINES_MODULE = YES;
				DEVELOPMENT_TEAM = Y5U9T77F2K;
				DYLIB_COMPATIBILITY_VERSION = 1;
				DYLIB_CURRENT_VERSION = 1;
				DYLIB_INSTALL_NAME_BASE = "@rpath";
				INFOPLIST_FILE = Entities/Info.plist;
				INSTALL_PATH = "$(LOCAL_LIBRARY_DIR)/Frameworks";
				IPHONEOS_DEPLOYMENT_TARGET = 11.0;
				LD_RUNPATH_SEARCH_PATHS = (
					"$(inherited)",
					"@executable_path/Frameworks",
					"@loader_path/Frameworks",
				);
				PRODUCT_BUNDLE_IDENTIFIER = dk.analogio.Entities;
				PRODUCT_NAME = "$(TARGET_NAME:c99extidentifier)";
				SKIP_INSTALL = YES;
				SWIFT_OPTIMIZATION_LEVEL = "-Onone";
				SWIFT_VERSION = 5.0;
				TARGETED_DEVICE_FAMILY = "1,2";
				VERSIONING_SYSTEM = "apple-generic";
				VERSION_INFO_PREFIX = "";
			};
			name = Debug;
		};
		EC6040172149556000666F22 /* Release */ = {
			isa = XCBuildConfiguration;
			buildSettings = {
				CLANG_ENABLE_MODULES = YES;
				CODE_SIGN_IDENTITY = "";
				CODE_SIGN_STYLE = Automatic;
				CURRENT_PROJECT_VERSION = 1;
				DEFINES_MODULE = YES;
				DEVELOPMENT_TEAM = Y5U9T77F2K;
				DYLIB_COMPATIBILITY_VERSION = 1;
				DYLIB_CURRENT_VERSION = 1;
				DYLIB_INSTALL_NAME_BASE = "@rpath";
				INFOPLIST_FILE = Entities/Info.plist;
				INSTALL_PATH = "$(LOCAL_LIBRARY_DIR)/Frameworks";
				IPHONEOS_DEPLOYMENT_TARGET = 11.0;
				LD_RUNPATH_SEARCH_PATHS = (
					"$(inherited)",
					"@executable_path/Frameworks",
					"@loader_path/Frameworks",
				);
				PRODUCT_BUNDLE_IDENTIFIER = dk.analogio.Entities;
				PRODUCT_NAME = "$(TARGET_NAME:c99extidentifier)";
				SKIP_INSTALL = YES;
				SWIFT_VERSION = 5.0;
				TARGETED_DEVICE_FAMILY = "1,2";
				VERSIONING_SYSTEM = "apple-generic";
				VERSION_INFO_PREFIX = "";
			};
			name = Release;
		};
		EC6040282149556A00666F22 /* Debug */ = {
			isa = XCBuildConfiguration;
			buildSettings = {
				CLANG_ENABLE_MODULES = YES;
				CODE_SIGN_IDENTITY = "";
				CODE_SIGN_STYLE = Automatic;
				CURRENT_PROJECT_VERSION = 1;
				DEFINES_MODULE = YES;
				DEVELOPMENT_TEAM = Y5U9T77F2K;
				DYLIB_COMPATIBILITY_VERSION = 1;
				DYLIB_CURRENT_VERSION = 1;
				DYLIB_INSTALL_NAME_BASE = "@rpath";
				FRAMEWORK_SEARCH_PATHS = (
					"$(inherited)",
					"$(PROJECT_DIR)/Carthage/Build/iOS",
				);
				INFOPLIST_FILE = ClipCardAPI/Info.plist;
				INSTALL_PATH = "$(LOCAL_LIBRARY_DIR)/Frameworks";
				IPHONEOS_DEPLOYMENT_TARGET = 11.0;
				LD_RUNPATH_SEARCH_PATHS = (
					"$(inherited)",
					"@executable_path/Frameworks",
					"@loader_path/Frameworks",
				);
				PRODUCT_BUNDLE_IDENTIFIER = dk.analogio.ClipCardAPI;
				PRODUCT_NAME = "$(TARGET_NAME:c99extidentifier)";
				SKIP_INSTALL = YES;
				SWIFT_OPTIMIZATION_LEVEL = "-Onone";
				SWIFT_VERSION = 5.0;
				TARGETED_DEVICE_FAMILY = "1,2";
				VERSIONING_SYSTEM = "apple-generic";
				VERSION_INFO_PREFIX = "";
			};
			name = Debug;
		};
		EC6040292149556A00666F22 /* Release */ = {
			isa = XCBuildConfiguration;
			buildSettings = {
				CLANG_ENABLE_MODULES = YES;
				CODE_SIGN_IDENTITY = "";
				CODE_SIGN_STYLE = Automatic;
				CURRENT_PROJECT_VERSION = 1;
				DEFINES_MODULE = YES;
				DEVELOPMENT_TEAM = Y5U9T77F2K;
				DYLIB_COMPATIBILITY_VERSION = 1;
				DYLIB_CURRENT_VERSION = 1;
				DYLIB_INSTALL_NAME_BASE = "@rpath";
				FRAMEWORK_SEARCH_PATHS = (
					"$(inherited)",
					"$(PROJECT_DIR)/Carthage/Build/iOS",
				);
				INFOPLIST_FILE = ClipCardAPI/Info.plist;
				INSTALL_PATH = "$(LOCAL_LIBRARY_DIR)/Frameworks";
				IPHONEOS_DEPLOYMENT_TARGET = 11.0;
				LD_RUNPATH_SEARCH_PATHS = (
					"$(inherited)",
					"@executable_path/Frameworks",
					"@loader_path/Frameworks",
				);
				PRODUCT_BUNDLE_IDENTIFIER = dk.analogio.ClipCardAPI;
				PRODUCT_NAME = "$(TARGET_NAME:c99extidentifier)";
				SKIP_INSTALL = YES;
				SWIFT_VERSION = 5.0;
				TARGETED_DEVICE_FAMILY = "1,2";
				VERSIONING_SYSTEM = "apple-generic";
				VERSION_INFO_PREFIX = "";
			};
			name = Release;
		};
		EC60404A2149559200666F22 /* Debug */ = {
			isa = XCBuildConfiguration;
			buildSettings = {
				CLANG_ENABLE_MODULES = YES;
				CODE_SIGN_IDENTITY = "";
				CODE_SIGN_STYLE = Automatic;
				CURRENT_PROJECT_VERSION = 1;
				DEFINES_MODULE = YES;
				DEVELOPMENT_TEAM = Y5U9T77F2K;
				DYLIB_COMPATIBILITY_VERSION = 1;
				DYLIB_CURRENT_VERSION = 1;
				DYLIB_INSTALL_NAME_BASE = "@rpath";
				FRAMEWORK_SEARCH_PATHS = (
					"$(inherited)",
					"$(PROJECT_DIR)/Carthage/Build/iOS",
				);
				INFOPLIST_FILE = Client/Info.plist;
				INSTALL_PATH = "$(LOCAL_LIBRARY_DIR)/Frameworks";
				IPHONEOS_DEPLOYMENT_TARGET = 11.0;
				LD_RUNPATH_SEARCH_PATHS = (
					"$(inherited)",
					"@executable_path/Frameworks",
					"@loader_path/Frameworks",
				);
				PRODUCT_BUNDLE_IDENTIFIER = dk.analogio.Client;
				PRODUCT_NAME = "$(TARGET_NAME:c99extidentifier)";
				SKIP_INSTALL = YES;
				SWIFT_OPTIMIZATION_LEVEL = "-Onone";
				SWIFT_VERSION = 5.0;
				TARGETED_DEVICE_FAMILY = "1,2";
				VERSIONING_SYSTEM = "apple-generic";
				VERSION_INFO_PREFIX = "";
			};
			name = Debug;
		};
		EC60404B2149559200666F22 /* Release */ = {
			isa = XCBuildConfiguration;
			buildSettings = {
				CLANG_ENABLE_MODULES = YES;
				CODE_SIGN_IDENTITY = "";
				CODE_SIGN_STYLE = Automatic;
				CURRENT_PROJECT_VERSION = 1;
				DEFINES_MODULE = YES;
				DEVELOPMENT_TEAM = Y5U9T77F2K;
				DYLIB_COMPATIBILITY_VERSION = 1;
				DYLIB_CURRENT_VERSION = 1;
				DYLIB_INSTALL_NAME_BASE = "@rpath";
				FRAMEWORK_SEARCH_PATHS = (
					"$(inherited)",
					"$(PROJECT_DIR)/Carthage/Build/iOS",
				);
				INFOPLIST_FILE = Client/Info.plist;
				INSTALL_PATH = "$(LOCAL_LIBRARY_DIR)/Frameworks";
				IPHONEOS_DEPLOYMENT_TARGET = 11.0;
				LD_RUNPATH_SEARCH_PATHS = (
					"$(inherited)",
					"@executable_path/Frameworks",
					"@loader_path/Frameworks",
				);
				PRODUCT_BUNDLE_IDENTIFIER = dk.analogio.Client;
				PRODUCT_NAME = "$(TARGET_NAME:c99extidentifier)";
				SKIP_INSTALL = YES;
				SWIFT_VERSION = 5.0;
				TARGETED_DEVICE_FAMILY = "1,2";
				VERSIONING_SYSTEM = "apple-generic";
				VERSION_INFO_PREFIX = "";
			};
			name = Release;
		};
		EC60405B214955A200666F22 /* Debug */ = {
			isa = XCBuildConfiguration;
			buildSettings = {
				CLANG_ENABLE_MODULES = YES;
				CODE_SIGN_IDENTITY = "";
				CODE_SIGN_STYLE = Automatic;
				CURRENT_PROJECT_VERSION = 1;
				DEFINES_MODULE = YES;
				DEVELOPMENT_TEAM = Y5U9T77F2K;
				DYLIB_COMPATIBILITY_VERSION = 1;
				DYLIB_CURRENT_VERSION = 1;
				DYLIB_INSTALL_NAME_BASE = "@rpath";
				FRAMEWORK_SEARCH_PATHS = (
					"$(inherited)",
					"$(PROJECT_DIR)/Carthage/Build/iOS",
				);
				INFOPLIST_FILE = ShiftPlanningAPI/Info.plist;
				INSTALL_PATH = "$(LOCAL_LIBRARY_DIR)/Frameworks";
				IPHONEOS_DEPLOYMENT_TARGET = 11.0;
				LD_RUNPATH_SEARCH_PATHS = (
					"$(inherited)",
					"@executable_path/Frameworks",
					"@loader_path/Frameworks",
				);
				PRODUCT_BUNDLE_IDENTIFIER = dk.analogio.ShiftPlanningAPI;
				PRODUCT_NAME = "$(TARGET_NAME:c99extidentifier)";
				SKIP_INSTALL = YES;
				SWIFT_OPTIMIZATION_LEVEL = "-Onone";
				SWIFT_VERSION = 5.0;
				TARGETED_DEVICE_FAMILY = "1,2";
				VERSIONING_SYSTEM = "apple-generic";
				VERSION_INFO_PREFIX = "";
			};
			name = Debug;
		};
		EC60405C214955A200666F22 /* Release */ = {
			isa = XCBuildConfiguration;
			buildSettings = {
				CLANG_ENABLE_MODULES = YES;
				CODE_SIGN_IDENTITY = "";
				CODE_SIGN_STYLE = Automatic;
				CURRENT_PROJECT_VERSION = 1;
				DEFINES_MODULE = YES;
				DEVELOPMENT_TEAM = Y5U9T77F2K;
				DYLIB_COMPATIBILITY_VERSION = 1;
				DYLIB_CURRENT_VERSION = 1;
				DYLIB_INSTALL_NAME_BASE = "@rpath";
				FRAMEWORK_SEARCH_PATHS = (
					"$(inherited)",
					"$(PROJECT_DIR)/Carthage/Build/iOS",
				);
				INFOPLIST_FILE = ShiftPlanningAPI/Info.plist;
				INSTALL_PATH = "$(LOCAL_LIBRARY_DIR)/Frameworks";
				IPHONEOS_DEPLOYMENT_TARGET = 11.0;
				LD_RUNPATH_SEARCH_PATHS = (
					"$(inherited)",
					"@executable_path/Frameworks",
					"@loader_path/Frameworks",
				);
				PRODUCT_BUNDLE_IDENTIFIER = dk.analogio.ShiftPlanningAPI;
				PRODUCT_NAME = "$(TARGET_NAME:c99extidentifier)";
				SKIP_INSTALL = YES;
				SWIFT_VERSION = 5.0;
				TARGETED_DEVICE_FAMILY = "1,2";
				VERSIONING_SYSTEM = "apple-generic";
				VERSION_INFO_PREFIX = "";
			};
			name = Release;
		};
		ECBE0DEA2167CF11001725D6 /* Debug */ = {
			isa = XCBuildConfiguration;
			buildSettings = {
				CODE_SIGN_IDENTITY = "";
				CODE_SIGN_STYLE = Automatic;
				CURRENT_PROJECT_VERSION = 1;
				DEFINES_MODULE = YES;
				DEVELOPMENT_TEAM = Y5U9T77F2K;
				DYLIB_COMPATIBILITY_VERSION = 1;
				DYLIB_CURRENT_VERSION = 1;
				DYLIB_INSTALL_NAME_BASE = "@rpath";
				INFOPLIST_FILE = MobilePayAPI/Info.plist;
				INSTALL_PATH = "$(LOCAL_LIBRARY_DIR)/Frameworks";
				IPHONEOS_DEPLOYMENT_TARGET = 12.0;
				LD_RUNPATH_SEARCH_PATHS = (
					"$(inherited)",
					"@executable_path/Frameworks",
					"@loader_path/Frameworks",
				);
				LIBRARY_SEARCH_PATHS = (
					"$(inherited)",
					"$(PROJECT_DIR)/MobilePayAPI/Sources",
				);
				MTL_ENABLE_DEBUG_INFO = INCLUDE_SOURCE;
				MTL_FAST_MATH = YES;
				PRODUCT_BUNDLE_IDENTIFIER = dk.analogio.MobilePayAPI;
				PRODUCT_NAME = "$(TARGET_NAME:c99extidentifier)";
				SKIP_INSTALL = YES;
				TARGETED_DEVICE_FAMILY = "1,2";
				VERSIONING_SYSTEM = "apple-generic";
				VERSION_INFO_PREFIX = "";
			};
			name = Debug;
		};
		ECBE0DEB2167CF11001725D6 /* Release */ = {
			isa = XCBuildConfiguration;
			buildSettings = {
				CODE_SIGN_IDENTITY = "";
				CODE_SIGN_STYLE = Automatic;
				CURRENT_PROJECT_VERSION = 1;
				DEFINES_MODULE = YES;
				DEVELOPMENT_TEAM = Y5U9T77F2K;
				DYLIB_COMPATIBILITY_VERSION = 1;
				DYLIB_CURRENT_VERSION = 1;
				DYLIB_INSTALL_NAME_BASE = "@rpath";
				INFOPLIST_FILE = MobilePayAPI/Info.plist;
				INSTALL_PATH = "$(LOCAL_LIBRARY_DIR)/Frameworks";
				IPHONEOS_DEPLOYMENT_TARGET = 12.0;
				LD_RUNPATH_SEARCH_PATHS = (
					"$(inherited)",
					"@executable_path/Frameworks",
					"@loader_path/Frameworks",
				);
				LIBRARY_SEARCH_PATHS = (
					"$(inherited)",
					"$(PROJECT_DIR)/MobilePayAPI/Sources",
				);
				MTL_FAST_MATH = YES;
				PRODUCT_BUNDLE_IDENTIFIER = dk.analogio.MobilePayAPI;
				PRODUCT_NAME = "$(TARGET_NAME:c99extidentifier)";
				SKIP_INSTALL = YES;
				TARGETED_DEVICE_FAMILY = "1,2";
				VERSIONING_SYSTEM = "apple-generic";
				VERSION_INFO_PREFIX = "";
			};
			name = Release;
		};
/* End XCBuildConfiguration section */

/* Begin XCConfigurationList section */
		EC603FBC2149357700666F22 /* Build configuration list for PBXProject "Analog" */ = {
			isa = XCConfigurationList;
			buildConfigurations = (
				EC603FD12149357800666F22 /* Debug */,
				EC603FD22149357800666F22 /* Release */,
			);
			defaultConfigurationIsVisible = 0;
			defaultConfigurationName = Release;
		};
		EC603FD32149357800666F22 /* Build configuration list for PBXNativeTarget "Analog" */ = {
			isa = XCConfigurationList;
			buildConfigurations = (
				EC603FD42149357800666F22 /* Debug */,
				EC603FD52149357800666F22 /* Release */,
			);
			defaultConfigurationIsVisible = 0;
			defaultConfigurationName = Release;
		};
		EC6040152149556000666F22 /* Build configuration list for PBXNativeTarget "Entities" */ = {
			isa = XCConfigurationList;
			buildConfigurations = (
				EC6040162149556000666F22 /* Debug */,
				EC6040172149556000666F22 /* Release */,
			);
			defaultConfigurationIsVisible = 0;
			defaultConfigurationName = Release;
		};
		EC6040272149556A00666F22 /* Build configuration list for PBXNativeTarget "ClipCardAPI" */ = {
			isa = XCConfigurationList;
			buildConfigurations = (
				EC6040282149556A00666F22 /* Debug */,
				EC6040292149556A00666F22 /* Release */,
			);
			defaultConfigurationIsVisible = 0;
			defaultConfigurationName = Release;
		};
		EC6040492149559200666F22 /* Build configuration list for PBXNativeTarget "Client" */ = {
			isa = XCConfigurationList;
			buildConfigurations = (
				EC60404A2149559200666F22 /* Debug */,
				EC60404B2149559200666F22 /* Release */,
			);
			defaultConfigurationIsVisible = 0;
			defaultConfigurationName = Release;
		};
		EC60405A214955A200666F22 /* Build configuration list for PBXNativeTarget "ShiftPlanningAPI" */ = {
			isa = XCConfigurationList;
			buildConfigurations = (
				EC60405B214955A200666F22 /* Debug */,
				EC60405C214955A200666F22 /* Release */,
			);
			defaultConfigurationIsVisible = 0;
			defaultConfigurationName = Release;
		};
		ECBE0DE92167CF11001725D6 /* Build configuration list for PBXNativeTarget "MobilePayAPI" */ = {
			isa = XCConfigurationList;
			buildConfigurations = (
				ECBE0DEA2167CF11001725D6 /* Debug */,
				ECBE0DEB2167CF11001725D6 /* Release */,
			);
			defaultConfigurationIsVisible = 0;
			defaultConfigurationName = Release;
		};
/* End XCConfigurationList section */
	};
	rootObject = EC603FB92149357700666F22 /* Project object */;
}
